// !$*UTF8*$!
{
	archiveVersion = 1;
	classes = {
	};
	objectVersion = 46;
	objects = {

/* Begin PBXBuildFile section */
		9D596DA417836E1F001D187D /* Foundation.framework in Frameworks */ = {isa = PBXBuildFile; fileRef = 9D596DA317836E1F001D187D /* Foundation.framework */; };
		9D596DA617836E1F001D187D /* CoreGraphics.framework in Frameworks */ = {isa = PBXBuildFile; fileRef = 9D596DA517836E1F001D187D /* CoreGraphics.framework */; };
		9D596DA817836E1F001D187D /* UIKit.framework in Frameworks */ = {isa = PBXBuildFile; fileRef = 9D596DA717836E1F001D187D /* UIKit.framework */; };
		9D596DAE17836E1F001D187D /* InfoPlist.strings in Resources */ = {isa = PBXBuildFile; fileRef = 9D596DAC17836E1F001D187D /* InfoPlist.strings */; };
		9D596DB017836E1F001D187D /* main.m in Sources */ = {isa = PBXBuildFile; fileRef = 9D596DAF17836E1F001D187D /* main.m */; };
		9D596DB417836E1F001D187D /* AppDelegate.m in Sources */ = {isa = PBXBuildFile; fileRef = 9D596DB317836E1F001D187D /* AppDelegate.m */; };
		9D596DB717836E1F001D187D /* Main_iPhone.storyboard in Resources */ = {isa = PBXBuildFile; fileRef = 9D596DB517836E1F001D187D /* Main_iPhone.storyboard */; };
		9D596DBA17836E1F001D187D /* Main_iPad.storyboard in Resources */ = {isa = PBXBuildFile; fileRef = 9D596DB817836E1F001D187D /* Main_iPad.storyboard */; };
		9D596DBD17836E1F001D187D /* MasterViewController.m in Sources */ = {isa = PBXBuildFile; fileRef = 9D596DBC17836E1F001D187D /* MasterViewController.m */; };
		9D596DC017836E1F001D187D /* DetailViewController.m in Sources */ = {isa = PBXBuildFile; fileRef = 9D596DBF17836E1F001D187D /* DetailViewController.m */; };
		9D596DC217836E1F001D187D /* Images.xcassets in Resources */ = {isa = PBXBuildFile; fileRef = 9D596DC117836E1F001D187D /* Images.xcassets */; };
		9D596DC917836E1F001D187D /* XCTest.framework in Frameworks */ = {isa = PBXBuildFile; fileRef = 9D596DC817836E1F001D187D /* XCTest.framework */; };
		9D596DCA17836E1F001D187D /* Foundation.framework in Frameworks */ = {isa = PBXBuildFile; fileRef = 9D596DA317836E1F001D187D /* Foundation.framework */; };
		9D596DCB17836E1F001D187D /* UIKit.framework in Frameworks */ = {isa = PBXBuildFile; fileRef = 9D596DA717836E1F001D187D /* UIKit.framework */; };
		9D596DD317836E1F001D187D /* InfoPlist.strings in Resources */ = {isa = PBXBuildFile; fileRef = 9D596DD117836E1F001D187D /* InfoPlist.strings */; };
		9D596DD517836E1F001D187D /* Presenting_Master_Detail_Views_with_UISplitViewControllerTests.m in Sources */ = {isa = PBXBuildFile; fileRef = 9D596DD417836E1F001D187D /* Presenting_Master_Detail_Views_with_UISplitViewControllerTests.m */; };
/* End PBXBuildFile section */

/* Begin PBXContainerItemProxy section */
		9D596DCC17836E1F001D187D /* PBXContainerItemProxy */ = {
			isa = PBXContainerItemProxy;
			containerPortal = 9D596D9817836E1F001D187D /* Project object */;
			proxyType = 1;
			remoteGlobalIDString = 9D596D9F17836E1F001D187D;
			remoteInfo = "Presenting Master-Detail Views with UISplitViewController";
		};
/* End PBXContainerItemProxy section */

/* Begin PBXFileReference section */
		9D596DA017836E1F001D187D /* Presenting Master-Detail Views with UISplitViewController.app */ = {isa = PBXFileReference; explicitFileType = wrapper.application; includeInIndex = 0; path = "Presenting Master-Detail Views with UISplitViewController.app"; sourceTree = BUILT_PRODUCTS_DIR; };
		9D596DA317836E1F001D187D /* Foundation.framework */ = {isa = PBXFileReference; lastKnownFileType = wrapper.framework; name = Foundation.framework; path = System/Library/Frameworks/Foundation.framework; sourceTree = SDKROOT; };
		9D596DA517836E1F001D187D /* CoreGraphics.framework */ = {isa = PBXFileReference; lastKnownFileType = wrapper.framework; name = CoreGraphics.framework; path = System/Library/Frameworks/CoreGraphics.framework; sourceTree = SDKROOT; };
		9D596DA717836E1F001D187D /* UIKit.framework */ = {isa = PBXFileReference; lastKnownFileType = wrapper.framework; name = UIKit.framework; path = System/Library/Frameworks/UIKit.framework; sourceTree = SDKROOT; };
		9D596DAB17836E1F001D187D /* Presenting Master-Detail Views with UISplitViewController-Info.plist */ = {isa = PBXFileReference; lastKnownFileType = text.plist.xml; path = "Presenting Master-Detail Views with UISplitViewController-Info.plist"; sourceTree = "<group>"; };
		9D596DAD17836E1F001D187D /* en */ = {isa = PBXFileReference; lastKnownFileType = text.plist.strings; name = en; path = en.lproj/InfoPlist.strings; sourceTree = "<group>"; };
		9D596DAF17836E1F001D187D /* main.m */ = {isa = PBXFileReference; lastKnownFileType = sourcecode.c.objc; path = main.m; sourceTree = "<group>"; };
		9D596DB117836E1F001D187D /* Presenting Master-Detail Views with UISplitViewController-Prefix.pch */ = {isa = PBXFileReference; lastKnownFileType = sourcecode.c.h; path = "Presenting Master-Detail Views with UISplitViewController-Prefix.pch"; sourceTree = "<group>"; };
		9D596DB217836E1F001D187D /* AppDelegate.h */ = {isa = PBXFileReference; lastKnownFileType = sourcecode.c.h; path = AppDelegate.h; sourceTree = "<group>"; };
		9D596DB317836E1F001D187D /* AppDelegate.m */ = {isa = PBXFileReference; lastKnownFileType = sourcecode.c.objc; path = AppDelegate.m; sourceTree = "<group>"; };
		9D596DB617836E1F001D187D /* Base */ = {isa = PBXFileReference; lastKnownFileType = file.storyboard; name = Base; path = Base.lproj/Main_iPhone.storyboard; sourceTree = "<group>"; };
		9D596DB917836E1F001D187D /* Base */ = {isa = PBXFileReference; lastKnownFileType = file.storyboard; name = Base; path = Base.lproj/Main_iPad.storyboard; sourceTree = "<group>"; };
		9D596DBB17836E1F001D187D /* MasterViewController.h */ = {isa = PBXFileReference; lastKnownFileType = sourcecode.c.h; path = MasterViewController.h; sourceTree = "<group>"; };
		9D596DBC17836E1F001D187D /* MasterViewController.m */ = {isa = PBXFileReference; lastKnownFileType = sourcecode.c.objc; path = MasterViewController.m; sourceTree = "<group>"; };
		9D596DBE17836E1F001D187D /* DetailViewController.h */ = {isa = PBXFileReference; lastKnownFileType = sourcecode.c.h; path = DetailViewController.h; sourceTree = "<group>"; };
		9D596DBF17836E1F001D187D /* DetailViewController.m */ = {isa = PBXFileReference; lastKnownFileType = sourcecode.c.objc; path = DetailViewController.m; sourceTree = "<group>"; };
		9D596DC117836E1F001D187D /* Images.xcassets */ = {isa = PBXFileReference; lastKnownFileType = folder.assetcatalog; path = Images.xcassets; sourceTree = "<group>"; };
		9D596DC717836E1F001D187D /* Presenting Master-Detail Views with UISplitViewControllerTests.xctest */ = {isa = PBXFileReference; explicitFileType = wrapper.cfbundle; includeInIndex = 0; path = "Presenting Master-Detail Views with UISplitViewControllerTests.xctest"; sourceTree = BUILT_PRODUCTS_DIR; };
		9D596DC817836E1F001D187D /* XCTest.framework */ = {isa = PBXFileReference; lastKnownFileType = wrapper.framework; name = XCTest.framework; path = Library/Frameworks/XCTest.framework; sourceTree = DEVELOPER_DIR; };
		9D596DD017836E1F001D187D /* Presenting Master-Detail Views with UISplitViewControllerTests-Info.plist */ = {isa = PBXFileReference; lastKnownFileType = text.plist.xml; path = "Presenting Master-Detail Views with UISplitViewControllerTests-Info.plist"; sourceTree = "<group>"; };
		9D596DD217836E1F001D187D /* en */ = {isa = PBXFileReference; lastKnownFileType = text.plist.strings; name = en; path = en.lproj/InfoPlist.strings; sourceTree = "<group>"; };
		9D596DD417836E1F001D187D /* Presenting_Master_Detail_Views_with_UISplitViewControllerTests.m */ = {isa = PBXFileReference; lastKnownFileType = sourcecode.c.objc; path = Presenting_Master_Detail_Views_with_UISplitViewControllerTests.m; sourceTree = "<group>"; };
/* End PBXFileReference section */

/* Begin PBXFrameworksBuildPhase section */
		9D596D9D17836E1F001D187D /* Frameworks */ = {
			isa = PBXFrameworksBuildPhase;
			buildActionMask = 2147483647;
			files = (
				9D596DA617836E1F001D187D /* CoreGraphics.framework in Frameworks */,
				9D596DA817836E1F001D187D /* UIKit.framework in Frameworks */,
				9D596DA417836E1F001D187D /* Foundation.framework in Frameworks */,
			);
			runOnlyForDeploymentPostprocessing = 0;
		};
		9D596DC417836E1F001D187D /* Frameworks */ = {
			isa = PBXFrameworksBuildPhase;
			buildActionMask = 2147483647;
			files = (
				9D596DC917836E1F001D187D /* XCTest.framework in Frameworks */,
				9D596DCB17836E1F001D187D /* UIKit.framework in Frameworks */,
				9D596DCA17836E1F001D187D /* Foundation.framework in Frameworks */,
			);
			runOnlyForDeploymentPostprocessing = 0;
		};
/* End PBXFrameworksBuildPhase section */

/* Begin PBXGroup section */
		9D596D9717836E1F001D187D = {
			isa = PBXGroup;
			children = (
				9D596DA917836E1F001D187D /* Presenting Master-Detail Views with UISplitViewController */,
				9D596DCE17836E1F001D187D /* Presenting Master-Detail Views with UISplitViewControllerTests */,
				9D596DA217836E1F001D187D /* Frameworks */,
				9D596DA117836E1F001D187D /* Products */,
			);
			sourceTree = "<group>";
		};
		9D596DA117836E1F001D187D /* Products */ = {
			isa = PBXGroup;
			children = (
				9D596DA017836E1F001D187D /* Presenting Master-Detail Views with UISplitViewController.app */,
				9D596DC717836E1F001D187D /* Presenting Master-Detail Views with UISplitViewControllerTests.xctest */,
			);
			name = Products;
			sourceTree = "<group>";
		};
		9D596DA217836E1F001D187D /* Frameworks */ = {
			isa = PBXGroup;
			children = (
				9D596DA317836E1F001D187D /* Foundation.framework */,
				9D596DA517836E1F001D187D /* CoreGraphics.framework */,
				9D596DA717836E1F001D187D /* UIKit.framework */,
				9D596DC817836E1F001D187D /* XCTest.framework */,
			);
			name = Frameworks;
			sourceTree = "<group>";
		};
		9D596DA917836E1F001D187D /* Presenting Master-Detail Views with UISplitViewController */ = {
			isa = PBXGroup;
			children = (
				9D596DB217836E1F001D187D /* AppDelegate.h */,
				9D596DB317836E1F001D187D /* AppDelegate.m */,
				9D596DB517836E1F001D187D /* Main_iPhone.storyboard */,
				9D596DB817836E1F001D187D /* Main_iPad.storyboard */,
				9D596DBB17836E1F001D187D /* MasterViewController.h */,
				9D596DBC17836E1F001D187D /* MasterViewController.m */,
				9D596DBE17836E1F001D187D /* DetailViewController.h */,
				9D596DBF17836E1F001D187D /* DetailViewController.m */,
				9D596DC117836E1F001D187D /* Images.xcassets */,
				9D596DAA17836E1F001D187D /* Supporting Files */,
			);
			path = "Presenting Master-Detail Views with UISplitViewController";
			sourceTree = "<group>";
		};
		9D596DAA17836E1F001D187D /* Supporting Files */ = {
			isa = PBXGroup;
			children = (
				9D596DAB17836E1F001D187D /* Presenting Master-Detail Views with UISplitViewController-Info.plist */,
				9D596DAC17836E1F001D187D /* InfoPlist.strings */,
				9D596DAF17836E1F001D187D /* main.m */,
				9D596DB117836E1F001D187D /* Presenting Master-Detail Views with UISplitViewController-Prefix.pch */,
			);
			name = "Supporting Files";
			sourceTree = "<group>";
		};
		9D596DCE17836E1F001D187D /* Presenting Master-Detail Views with UISplitViewControllerTests */ = {
			isa = PBXGroup;
			children = (
				9D596DD417836E1F001D187D /* Presenting_Master_Detail_Views_with_UISplitViewControllerTests.m */,
				9D596DCF17836E1F001D187D /* Supporting Files */,
			);
			path = "Presenting Master-Detail Views with UISplitViewControllerTests";
			sourceTree = "<group>";
		};
		9D596DCF17836E1F001D187D /* Supporting Files */ = {
			isa = PBXGroup;
			children = (
				9D596DD017836E1F001D187D /* Presenting Master-Detail Views with UISplitViewControllerTests-Info.plist */,
				9D596DD117836E1F001D187D /* InfoPlist.strings */,
			);
			name = "Supporting Files";
			sourceTree = "<group>";
		};
/* End PBXGroup section */

/* Begin PBXNativeTarget section */
		9D596D9F17836E1F001D187D /* Presenting Master-Detail Views with UISplitViewController */ = {
			isa = PBXNativeTarget;
			buildConfigurationList = 9D596DD817836E1F001D187D /* Build configuration list for PBXNativeTarget "Presenting Master-Detail Views with UISplitViewController" */;
			buildPhases = (
				9D596D9C17836E1F001D187D /* Sources */,
				9D596D9D17836E1F001D187D /* Frameworks */,
				9D596D9E17836E1F001D187D /* Resources */,
			);
			buildRules = (
			);
			dependencies = (
			);
			name = "Presenting Master-Detail Views with UISplitViewController";
			productName = "Presenting Master-Detail Views with UISplitViewController";
			productReference = 9D596DA017836E1F001D187D /* Presenting Master-Detail Views with UISplitViewController.app */;
			productType = "com.apple.product-type.application";
		};
		9D596DC617836E1F001D187D /* Presenting Master-Detail Views with UISplitViewControllerTests */ = {
			isa = PBXNativeTarget;
			buildConfigurationList = 9D596DDB17836E1F001D187D /* Build configuration list for PBXNativeTarget "Presenting Master-Detail Views with UISplitViewControllerTests" */;
			buildPhases = (
				9D596DC317836E1F001D187D /* Sources */,
				9D596DC417836E1F001D187D /* Frameworks */,
				9D596DC517836E1F001D187D /* Resources */,
			);
			buildRules = (
			);
			dependencies = (
				9D596DCD17836E1F001D187D /* PBXTargetDependency */,
			);
			name = "Presenting Master-Detail Views with UISplitViewControllerTests";
			productName = "Presenting Master-Detail Views with UISplitViewControllerTests";
			productReference = 9D596DC717836E1F001D187D /* Presenting Master-Detail Views with UISplitViewControllerTests.xctest */;
			productType = "com.apple.product-type.bundle.unit-test";
		};
/* End PBXNativeTarget section */

/* Begin PBXProject section */
		9D596D9817836E1F001D187D /* Project object */ = {
			isa = PBXProject;
			attributes = {
				LastUpgradeCheck = 0500;
				ORGANIZATIONNAME = "Pixolity Ltd.";
				TargetAttributes = {
					9D596DC617836E1F001D187D = {
						TestTargetID = 9D596D9F17836E1F001D187D;
					};
				};
			};
			buildConfigurationList = 9D596D9B17836E1F001D187D /* Build configuration list for PBXProject "Presenting Master-Detail Views with UISplitViewController" */;
			compatibilityVersion = "Xcode 3.2";
			developmentRegion = English;
			hasScannedForEncodings = 0;
			knownRegions = (
				en,
				Base,
			);
			mainGroup = 9D596D9717836E1F001D187D;
			productRefGroup = 9D596DA117836E1F001D187D /* Products */;
			projectDirPath = "";
			projectRoot = "";
			targets = (
				9D596D9F17836E1F001D187D /* Presenting Master-Detail Views with UISplitViewController */,
				9D596DC617836E1F001D187D /* Presenting Master-Detail Views with UISplitViewControllerTests */,
			);
		};
/* End PBXProject section */

/* Begin PBXResourcesBuildPhase section */
		9D596D9E17836E1F001D187D /* Resources */ = {
			isa = PBXResourcesBuildPhase;
			buildActionMask = 2147483647;
			files = (
				9D596DBA17836E1F001D187D /* Main_iPad.storyboard in Resources */,
				9D596DC217836E1F001D187D /* Images.xcassets in Resources */,
				9D596DB717836E1F001D187D /* Main_iPhone.storyboard in Resources */,
				9D596DAE17836E1F001D187D /* InfoPlist.strings in Resources */,
			);
			runOnlyForDeploymentPostprocessing = 0;
		};
		9D596DC517836E1F001D187D /* Resources */ = {
			isa = PBXResourcesBuildPhase;
			buildActionMask = 2147483647;
			files = (
				9D596DD317836E1F001D187D /* InfoPlist.strings in Resources */,
			);
			runOnlyForDeploymentPostprocessing = 0;
		};
/* End PBXResourcesBuildPhase section */

/* Begin PBXSourcesBuildPhase section */
		9D596D9C17836E1F001D187D /* Sources */ = {
			isa = PBXSourcesBuildPhase;
			buildActionMask = 2147483647;
			files = (
				9D596DB417836E1F001D187D /* AppDelegate.m in Sources */,
				9D596DBD17836E1F001D187D /* MasterViewController.m in Sources */,
				9D596DB017836E1F001D187D /* main.m in Sources */,
				9D596DC017836E1F001D187D /* DetailViewController.m in Sources */,
			);
			runOnlyForDeploymentPostprocessing = 0;
		};
		9D596DC317836E1F001D187D /* Sources */ = {
			isa = PBXSourcesBuildPhase;
			buildActionMask = 2147483647;
			files = (
				9D596DD517836E1F001D187D /* Presenting_Master_Detail_Views_with_UISplitViewControllerTests.m in Sources */,
			);
			runOnlyForDeploymentPostprocessing = 0;
		};
/* End PBXSourcesBuildPhase section */

/* Begin PBXTargetDependency section */
		9D596DCD17836E1F001D187D /* PBXTargetDependency */ = {
			isa = PBXTargetDependency;
			target = 9D596D9F17836E1F001D187D /* Presenting Master-Detail Views with UISplitViewController */;
			targetProxy = 9D596DCC17836E1F001D187D /* PBXContainerItemProxy */;
		};
/* End PBXTargetDependency section */

/* Begin PBXVariantGroup section */
		9D596DAC17836E1F001D187D /* InfoPlist.strings */ = {
			isa = PBXVariantGroup;
			children = (
				9D596DAD17836E1F001D187D /* en */,
			);
			name = InfoPlist.strings;
			sourceTree = "<group>";
		};
		9D596DB517836E1F001D187D /* Main_iPhone.storyboard */ = {
			isa = PBXVariantGroup;
			children = (
				9D596DB617836E1F001D187D /* Base */,
			);
			name = Main_iPhone.storyboard;
			sourceTree = "<group>";
		};
		9D596DB817836E1F001D187D /* Main_iPad.storyboard */ = {
			isa = PBXVariantGroup;
			children = (
				9D596DB917836E1F001D187D /* Base */,
			);
			name = Main_iPad.storyboard;
			sourceTree = "<group>";
		};
		9D596DD117836E1F001D187D /* InfoPlist.strings */ = {
			isa = PBXVariantGroup;
			children = (
				9D596DD217836E1F001D187D /* en */,
			);
			name = InfoPlist.strings;
			sourceTree = "<group>";
		};
/* End PBXVariantGroup section */

/* Begin XCBuildConfiguration section */
		9D596DD617836E1F001D187D /* Debug */ = {
			isa = XCBuildConfiguration;
			buildSettings = {
				ALWAYS_SEARCH_USER_PATHS = NO;
				CLANG_CXX_LANGUAGE_STANDARD = "gnu++0x";
				CLANG_CXX_LIBRARY = "libc++";
				CLANG_ENABLE_MODULES = YES;
				CLANG_ENABLE_OBJC_ARC = YES;
				CLANG_WARN_BOOL_CONVERSION = YES;
				CLANG_WARN_CONSTANT_CONVERSION = YES;
				CLANG_WARN_DIRECT_OBJC_ISA_USAGE = YES_ERROR;
				CLANG_WARN_EMPTY_BODY = YES;
				CLANG_WARN_ENUM_CONVERSION = YES;
				CLANG_WARN_INT_CONVERSION = YES;
				CLANG_WARN_OBJC_ROOT_CLASS = YES_ERROR;
				CLANG_WARN__DUPLICATE_METHOD_MATCH = YES;
				"CODE_SIGN_IDENTITY[sdk=iphoneos*]" = "iPhone Developer";
				COPY_PHASE_STRIP = NO;
				GCC_C_LANGUAGE_STANDARD = gnu99;
				GCC_DYNAMIC_NO_PIC = NO;
				GCC_OPTIMIZATION_LEVEL = 0;
				GCC_PREPROCESSOR_DEFINITIONS = (
					"DEBUG=1",
					"$(inherited)",
				);
				GCC_SYMBOLS_PRIVATE_EXTERN = NO;
				GCC_WARN_ABOUT_RETURN_TYPE = YES_ERROR;
				GCC_WARN_UNDECLARED_SELECTOR = YES;
				GCC_WARN_UNINITIALIZED_AUTOS = YES;
				GCC_WARN_UNUSED_FUNCTION = YES;
				GCC_WARN_UNUSED_VARIABLE = YES;
				IPHONEOS_DEPLOYMENT_TARGET = 7.0;
				ONLY_ACTIVE_ARCH = YES;
				SDKROOT = iphoneos;
				TARGETED_DEVICE_FAMILY = "1,2";
			};
			name = Debug;
		};
		9D596DD717836E1F001D187D /* Release */ = {
			isa = XCBuildConfiguration;
			buildSettings = {
				ALWAYS_SEARCH_USER_PATHS = NO;
				CLANG_CXX_LANGUAGE_STANDARD = "gnu++0x";
				CLANG_CXX_LIBRARY = "libc++";
				CLANG_ENABLE_MODULES = YES;
				CLANG_ENABLE_OBJC_ARC = YES;
				CLANG_WARN_BOOL_CONVERSION = YES;
				CLANG_WARN_CONSTANT_CONVERSION = YES;
				CLANG_WARN_DIRECT_OBJC_ISA_USAGE = YES_ERROR;
				CLANG_WARN_EMPTY_BODY = YES;
				CLANG_WARN_ENUM_CONVERSION = YES;
				CLANG_WARN_INT_CONVERSION = YES;
				CLANG_WARN_OBJC_ROOT_CLASS = YES_ERROR;
				CLANG_WARN__DUPLICATE_METHOD_MATCH = YES;
				"CODE_SIGN_IDENTITY[sdk=iphoneos*]" = "iPhone Developer";
				COPY_PHASE_STRIP = YES;
				ENABLE_NS_ASSERTIONS = NO;
				GCC_C_LANGUAGE_STANDARD = gnu99;
				GCC_WARN_ABOUT_RETURN_TYPE = YES_ERROR;
				GCC_WARN_UNDECLARED_SELECTOR = YES;
				GCC_WARN_UNINITIALIZED_AUTOS = YES;
				GCC_WARN_UNUSED_FUNCTION = YES;
				GCC_WARN_UNUSED_VARIABLE = YES;
				IPHONEOS_DEPLOYMENT_TARGET = 7.0;
				SDKROOT = iphoneos;
				TARGETED_DEVICE_FAMILY = "1,2";
				VALIDATE_PRODUCT = YES;
			};
			name = Release;
		};
		9D596DD917836E1F001D187D /* Debug */ = {
			isa = XCBuildConfiguration;
			buildSettings = {
				ASSETCATALOG_COMPILER_APPICON_NAME = AppIcon;
				ASSETCATALOG_COMPILER_LAUNCHIMAGE_NAME = LaunchImage;
				GCC_PRECOMPILE_PREFIX_HEADER = YES;
				GCC_PREFIX_HEADER = "Presenting Master-Detail Views with UISplitViewController/Presenting Master-Detail Views with UISplitViewController-Prefix.pch";
				INFOPLIST_FILE = "Presenting Master-Detail Views with UISplitViewController/Presenting Master-Detail Views with UISplitViewController-Info.plist";
				PRODUCT_NAME = "$(TARGET_NAME)";
				WRAPPER_EXTENSION = app;
			};
			name = Debug;
		};
		9D596DDA17836E1F001D187D /* Release */ = {
			isa = XCBuildConfiguration;
			buildSettings = {
				ASSETCATALOG_COMPILER_APPICON_NAME = AppIcon;
				ASSETCATALOG_COMPILER_LAUNCHIMAGE_NAME = LaunchImage;
				GCC_PRECOMPILE_PREFIX_HEADER = YES;
				GCC_PREFIX_HEADER = "Presenting Master-Detail Views with UISplitViewController/Presenting Master-Detail Views with UISplitViewController-Prefix.pch";
				INFOPLIST_FILE = "Presenting Master-Detail Views with UISplitViewController/Presenting Master-Detail Views with UISplitViewController-Info.plist";
				PRODUCT_NAME = "$(TARGET_NAME)";
				WRAPPER_EXTENSION = app;
			};
			name = Release;
		};
		9D596DDC17836E1F001D187D /* Debug */ = {
			isa = XCBuildConfiguration;
			buildSettings = {
				BUNDLE_LOADER = "$(BUILT_PRODUCTS_DIR)/Presenting Master-Detail Views with UISplitViewController.app/Presenting Master-Detail Views with UISplitViewController";
				FRAMEWORK_SEARCH_PATHS = (
					"$(SDKROOT)/Developer/Library/Frameworks",
					"$(inherited)",
					"$(SYSTEM_APPS_DIR)/Xcode5-DP2.app/Contents/Developer/Library/Frameworks",
				);
				GCC_PRECOMPILE_PREFIX_HEADER = YES;
				GCC_PREFIX_HEADER = "Presenting Master-Detail Views with UISplitViewController/Presenting Master-Detail Views with UISplitViewController-Prefix.pch";
				GCC_PREPROCESSOR_DEFINITIONS = (
					"DEBUG=1",
					"$(inherited)",
				);
				INFOPLIST_FILE = "Presenting Master-Detail Views with UISplitViewControllerTests/Presenting Master-Detail Views with UISplitViewControllerTests-Info.plist";
				PRODUCT_NAME = "$(TARGET_NAME)";
				TEST_HOST = "$(BUNDLE_LOADER)";
				WRAPPER_EXTENSION = xctest;
			};
			name = Debug;
		};
		9D596DDD17836E1F001D187D /* Release */ = {
			isa = XCBuildConfiguration;
			buildSettings = {
				BUNDLE_LOADER = "$(BUILT_PRODUCTS_DIR)/Presenting Master-Detail Views with UISplitViewController.app/Presenting Master-Detail Views with UISplitViewController";
				FRAMEWORK_SEARCH_PATHS = (
					"$(SDKROOT)/Developer/Library/Frameworks",
					"$(inherited)",
					"$(SYSTEM_APPS_DIR)/Xcode5-DP2.app/Contents/Developer/Library/Frameworks",
				);
				GCC_PRECOMPILE_PREFIX_HEADER = YES;
				GCC_PREFIX_HEADER = "Presenting Master-Detail Views with UISplitViewController/Presenting Master-Detail Views with UISplitViewController-Prefix.pch";
				INFOPLIST_FILE = "Presenting Master-Detail Views with UISplitViewControllerTests/Presenting Master-Detail Views with UISplitViewControllerTests-Info.plist";
				PRODUCT_NAME = "$(TARGET_NAME)";
				TEST_HOST = "$(BUNDLE_LOADER)";
				WRAPPER_EXTENSION = xctest;
			};
			name = Release;
		};
/* End XCBuildConfiguration section */

/* Begin XCConfigurationList section */
		9D596D9B17836E1F001D187D /* Build configuration list for PBXProject "Presenting Master-Detail Views with UISplitViewController" */ = {
			isa = XCConfigurationList;
			buildConfigurations = (
				9D596DD617836E1F001D187D /* Debug */,
				9D596DD717836E1F001D187D /* Release */,
			);
			defaultConfigurationIsVisible = 0;
			defaultConfigurationName = Release;
		};
		9D596DD817836E1F001D187D /* Build configuration list for PBXNativeTarget "Presenting Master-Detail Views with UISplitViewController" */ = {
			isa = XCConfigurationList;
			buildConfigurations = (
				9D596DD917836E1F001D187D /* Debug */,
				9D596DDA17836E1F001D187D /* Release */,
			);
			defaultConfigurationIsVisible = 0;
		};
		9D596DDB17836E1F001D187D /* Build configuration list for PBXNativeTarget "Presenting Master-Detail Views with UISplitViewControllerTests" */ = {
			isa = XCConfigurationList;
			buildConfigurations = (
				9D596DDC17836E1F001D187D /* Debug */,
				9D596DDD17836E1F001D187D /* Release */,
			);
			defaultConfigurationIsVisible = 0;
		};
/* End XCConfigurationList section */
	};
	rootObject = 9D596D9817836E1F001D187D /* Project object */;
}
