// !$*UTF8*$!
{
	archiveVersion = 1;
	classes = {
	};
	objectVersion = 46;
	objects = {

/* Begin PBXBuildFile section */
		9D139E641777141500E5F058 /* Foundation.framework in Frameworks */ = {isa = PBXBuildFile; fileRef = 9D139E631777141500E5F058 /* Foundation.framework */; };
		9D139E661777141500E5F058 /* CoreGraphics.framework in Frameworks */ = {isa = PBXBuildFile; fileRef = 9D139E651777141500E5F058 /* CoreGraphics.framework */; };
		9D139E681777141500E5F058 /* UIKit.framework in Frameworks */ = {isa = PBXBuildFile; fileRef = 9D139E671777141500E5F058 /* UIKit.framework */; };
		9D139E6E1777141500E5F058 /* InfoPlist.strings in Resources */ = {isa = PBXBuildFile; fileRef = 9D139E6C1777141500E5F058 /* InfoPlist.strings */; };
		9D139E701777141500E5F058 /* main.m in Sources */ = {isa = PBXBuildFile; fileRef = 9D139E6F1777141500E5F058 /* main.m */; };
		9D139E741777141500E5F058 /* AppDelegate.m in Sources */ = {isa = PBXBuildFile; fileRef = 9D139E731777141500E5F058 /* AppDelegate.m */; };
		9D139E761777141500E5F058 /* Images.xcassets in Resources */ = {isa = PBXBuildFile; fileRef = 9D139E751777141500E5F058 /* Images.xcassets */; };
		9D139E7D1777141500E5F058 /* XCTest.framework in Frameworks */ = {isa = PBXBuildFile; fileRef = 9D139E7C1777141500E5F058 /* XCTest.framework */; };
		9D139E7E1777141500E5F058 /* Foundation.framework in Frameworks */ = {isa = PBXBuildFile; fileRef = 9D139E631777141500E5F058 /* Foundation.framework */; };
		9D139E7F1777141500E5F058 /* UIKit.framework in Frameworks */ = {isa = PBXBuildFile; fileRef = 9D139E671777141500E5F058 /* UIKit.framework */; };
		9D139E871777141500E5F058 /* InfoPlist.strings in Resources */ = {isa = PBXBuildFile; fileRef = 9D139E851777141500E5F058 /* InfoPlist.strings */; };
		9D139E891777141500E5F058 /* Manipulating_a_Navigation_Controller_s_Array_of_View_ControllersTests.m in Sources */ = {isa = PBXBuildFile; fileRef = 9D139E881777141500E5F058 /* Manipulating_a_Navigation_Controller_s_Array_of_View_ControllersTests.m */; };
		9D139E961777144900E5F058 /* FirstViewController.m in Sources */ = {isa = PBXBuildFile; fileRef = 9D139E931777144900E5F058 /* FirstViewController.m */; };
		9D139E971777144900E5F058 /* SecondViewController.m in Sources */ = {isa = PBXBuildFile; fileRef = 9D139E951777144900E5F058 /* SecondViewController.m */; };
/* End PBXBuildFile section */

/* Begin PBXContainerItemProxy section */
		9D139E801777141500E5F058 /* PBXContainerItemProxy */ = {
			isa = PBXContainerItemProxy;
			containerPortal = 9D139E581777141500E5F058 /* Project object */;
			proxyType = 1;
			remoteGlobalIDString = 9D139E5F1777141500E5F058;
			remoteInfo = "Manipulating a Navigation Controller’s Array of View Controllers";
		};
/* End PBXContainerItemProxy section */

/* Begin PBXFileReference section */
		9D139E601777141500E5F058 /* Manipulating a Navigation Controller’s Array of View Controllers.app */ = {isa = PBXFileReference; explicitFileType = wrapper.application; includeInIndex = 0; path = "Manipulating a Navigation Controller’s Array of View Controllers.app"; sourceTree = BUILT_PRODUCTS_DIR; };
		9D139E631777141500E5F058 /* Foundation.framework */ = {isa = PBXFileReference; lastKnownFileType = wrapper.framework; name = Foundation.framework; path = System/Library/Frameworks/Foundation.framework; sourceTree = SDKROOT; };
		9D139E651777141500E5F058 /* CoreGraphics.framework */ = {isa = PBXFileReference; lastKnownFileType = wrapper.framework; name = CoreGraphics.framework; path = System/Library/Frameworks/CoreGraphics.framework; sourceTree = SDKROOT; };
		9D139E671777141500E5F058 /* UIKit.framework */ = {isa = PBXFileReference; lastKnownFileType = wrapper.framework; name = UIKit.framework; path = System/Library/Frameworks/UIKit.framework; sourceTree = SDKROOT; };
		9D139E6B1777141500E5F058 /* Manipulating a Navigation Controller’s Array of View Controllers-Info.plist */ = {isa = PBXFileReference; lastKnownFileType = text.plist.xml; path = "Manipulating a Navigation Controller’s Array of View Controllers-Info.plist"; sourceTree = "<group>"; };
		9D139E6D1777141500E5F058 /* en */ = {isa = PBXFileReference; lastKnownFileType = text.plist.strings; name = en; path = en.lproj/InfoPlist.strings; sourceTree = "<group>"; };
		9D139E6F1777141500E5F058 /* main.m */ = {isa = PBXFileReference; lastKnownFileType = sourcecode.c.objc; path = main.m; sourceTree = "<group>"; };
		9D139E711777141500E5F058 /* Manipulating a Navigation Controller’s Array of View Controllers-Prefix.pch */ = {isa = PBXFileReference; lastKnownFileType = sourcecode.c.h; path = "Manipulating a Navigation Controller’s Array of View Controllers-Prefix.pch"; sourceTree = "<group>"; };
		9D139E721777141500E5F058 /* AppDelegate.h */ = {isa = PBXFileReference; lastKnownFileType = sourcecode.c.h; path = AppDelegate.h; sourceTree = "<group>"; };
		9D139E731777141500E5F058 /* AppDelegate.m */ = {isa = PBXFileReference; lastKnownFileType = sourcecode.c.objc; path = AppDelegate.m; sourceTree = "<group>"; };
		9D139E751777141500E5F058 /* Images.xcassets */ = {isa = PBXFileReference; lastKnownFileType = folder.assetcatalog; path = Images.xcassets; sourceTree = "<group>"; };
		9D139E7B1777141500E5F058 /* Manipulating a Navigation Controller’s Array of View ControllersTests.xctest */ = {isa = PBXFileReference; explicitFileType = wrapper.cfbundle; includeInIndex = 0; path = "Manipulating a Navigation Controller’s Array of View ControllersTests.xctest"; sourceTree = BUILT_PRODUCTS_DIR; };
		9D139E7C1777141500E5F058 /* XCTest.framework */ = {isa = PBXFileReference; lastKnownFileType = wrapper.framework; name = XCTest.framework; path = Library/Frameworks/XCTest.framework; sourceTree = DEVELOPER_DIR; };
		9D139E841777141500E5F058 /* Manipulating a Navigation Controller’s Array of View ControllersTests-Info.plist */ = {isa = PBXFileReference; lastKnownFileType = text.plist.xml; path = "Manipulating a Navigation Controller’s Array of View ControllersTests-Info.plist"; sourceTree = "<group>"; };
		9D139E861777141500E5F058 /* en */ = {isa = PBXFileReference; lastKnownFileType = text.plist.strings; name = en; path = en.lproj/InfoPlist.strings; sourceTree = "<group>"; };
		9D139E881777141500E5F058 /* Manipulating_a_Navigation_Controller_s_Array_of_View_ControllersTests.m */ = {isa = PBXFileReference; lastKnownFileType = sourcecode.c.objc; path = Manipulating_a_Navigation_Controller_s_Array_of_View_ControllersTests.m; sourceTree = "<group>"; };
		9D139E921777144900E5F058 /* FirstViewController.h */ = {isa = PBXFileReference; fileEncoding = 4; lastKnownFileType = sourcecode.c.h; path = FirstViewController.h; sourceTree = "<group>"; };
		9D139E931777144900E5F058 /* FirstViewController.m */ = {isa = PBXFileReference; fileEncoding = 4; lastKnownFileType = sourcecode.c.objc; path = FirstViewController.m; sourceTree = "<group>"; };
		9D139E941777144900E5F058 /* SecondViewController.h */ = {isa = PBXFileReference; fileEncoding = 4; lastKnownFileType = sourcecode.c.h; path = SecondViewController.h; sourceTree = "<group>"; };
		9D139E951777144900E5F058 /* SecondViewController.m */ = {isa = PBXFileReference; fileEncoding = 4; lastKnownFileType = sourcecode.c.objc; path = SecondViewController.m; sourceTree = "<group>"; };
/* End PBXFileReference section */

/* Begin PBXFrameworksBuildPhase section */
		9D139E5D1777141500E5F058 /* Frameworks */ = {
			isa = PBXFrameworksBuildPhase;
			buildActionMask = 2147483647;
			files = (
				9D139E661777141500E5F058 /* CoreGraphics.framework in Frameworks */,
				9D139E681777141500E5F058 /* UIKit.framework in Frameworks */,
				9D139E641777141500E5F058 /* Foundation.framework in Frameworks */,
			);
			runOnlyForDeploymentPostprocessing = 0;
		};
		9D139E781777141500E5F058 /* Frameworks */ = {
			isa = PBXFrameworksBuildPhase;
			buildActionMask = 2147483647;
			files = (
				9D139E7D1777141500E5F058 /* XCTest.framework in Frameworks */,
				9D139E7F1777141500E5F058 /* UIKit.framework in Frameworks */,
				9D139E7E1777141500E5F058 /* Foundation.framework in Frameworks */,
			);
			runOnlyForDeploymentPostprocessing = 0;
		};
/* End PBXFrameworksBuildPhase section */

/* Begin PBXGroup section */
		9D139E571777141500E5F058 = {
			isa = PBXGroup;
			children = (
				9D139E691777141500E5F058 /* Manipulating a Navigation Controller’s Array of View Controllers */,
				9D139E821777141500E5F058 /* Manipulating a Navigation Controller’s Array of View ControllersTests */,
				9D139E621777141500E5F058 /* Frameworks */,
				9D139E611777141500E5F058 /* Products */,
			);
			sourceTree = "<group>";
		};
		9D139E611777141500E5F058 /* Products */ = {
			isa = PBXGroup;
			children = (
				9D139E601777141500E5F058 /* Manipulating a Navigation Controller’s Array of View Controllers.app */,
				9D139E7B1777141500E5F058 /* Manipulating a Navigation Controller’s Array of View ControllersTests.xctest */,
			);
			name = Products;
			sourceTree = "<group>";
		};
		9D139E621777141500E5F058 /* Frameworks */ = {
			isa = PBXGroup;
			children = (
				9D139E631777141500E5F058 /* Foundation.framework */,
				9D139E651777141500E5F058 /* CoreGraphics.framework */,
				9D139E671777141500E5F058 /* UIKit.framework */,
				9D139E7C1777141500E5F058 /* XCTest.framework */,
			);
			name = Frameworks;
			sourceTree = "<group>";
		};
		9D139E691777141500E5F058 /* Manipulating a Navigation Controller’s Array of View Controllers */ = {
			isa = PBXGroup;
			children = (
				9D139E721777141500E5F058 /* AppDelegate.h */,
				9D139E731777141500E5F058 /* AppDelegate.m */,
				9D139E921777144900E5F058 /* FirstViewController.h */,
				9D139E931777144900E5F058 /* FirstViewController.m */,
				9D139E941777144900E5F058 /* SecondViewController.h */,
				9D139E951777144900E5F058 /* SecondViewController.m */,
				9D139E751777141500E5F058 /* Images.xcassets */,
				9D139E6A1777141500E5F058 /* Supporting Files */,
			);
			path = "Manipulating a Navigation Controller’s Array of View Controllers";
			sourceTree = "<group>";
		};
		9D139E6A1777141500E5F058 /* Supporting Files */ = {
			isa = PBXGroup;
			children = (
				9D139E6B1777141500E5F058 /* Manipulating a Navigation Controller’s Array of View Controllers-Info.plist */,
				9D139E6C1777141500E5F058 /* InfoPlist.strings */,
				9D139E6F1777141500E5F058 /* main.m */,
				9D139E711777141500E5F058 /* Manipulating a Navigation Controller’s Array of View Controllers-Prefix.pch */,
			);
			name = "Supporting Files";
			sourceTree = "<group>";
		};
		9D139E821777141500E5F058 /* Manipulating a Navigation Controller’s Array of View ControllersTests */ = {
			isa = PBXGroup;
			children = (
				9D139E881777141500E5F058 /* Manipulating_a_Navigation_Controller_s_Array_of_View_ControllersTests.m */,
				9D139E831777141500E5F058 /* Supporting Files */,
			);
			path = "Manipulating a Navigation Controller’s Array of View ControllersTests";
			sourceTree = "<group>";
		};
		9D139E831777141500E5F058 /* Supporting Files */ = {
			isa = PBXGroup;
			children = (
				9D139E841777141500E5F058 /* Manipulating a Navigation Controller’s Array of View ControllersTests-Info.plist */,
				9D139E851777141500E5F058 /* InfoPlist.strings */,
			);
			name = "Supporting Files";
			sourceTree = "<group>";
		};
/* End PBXGroup section */

/* Begin PBXNativeTarget section */
		9D139E5F1777141500E5F058 /* Manipulating a Navigation Controller’s Array of View Controllers */ = {
			isa = PBXNativeTarget;
			buildConfigurationList = 9D139E8C1777141500E5F058 /* Build configuration list for PBXNativeTarget "Manipulating a Navigation Controller’s Array of View Controllers" */;
			buildPhases = (
				9D139E5C1777141500E5F058 /* Sources */,
				9D139E5D1777141500E5F058 /* Frameworks */,
				9D139E5E1777141500E5F058 /* Resources */,
			);
			buildRules = (
			);
			dependencies = (
			);
			name = "Manipulating a Navigation Controller’s Array of View Controllers";
			productName = "Manipulating a Navigation Controller’s Array of View Controllers";
			productReference = 9D139E601777141500E5F058 /* Manipulating a Navigation Controller’s Array of View Controllers.app */;
			productType = "com.apple.product-type.application";
		};
		9D139E7A1777141500E5F058 /* Manipulating a Navigation Controller’s Array of View ControllersTests */ = {
			isa = PBXNativeTarget;
			buildConfigurationList = 9D139E8F1777141500E5F058 /* Build configuration list for PBXNativeTarget "Manipulating a Navigation Controller’s Array of View ControllersTests" */;
			buildPhases = (
				9D139E771777141500E5F058 /* Sources */,
				9D139E781777141500E5F058 /* Frameworks */,
				9D139E791777141500E5F058 /* Resources */,
			);
			buildRules = (
			);
			dependencies = (
				9D139E811777141500E5F058 /* PBXTargetDependency */,
			);
			name = "Manipulating a Navigation Controller’s Array of View ControllersTests";
			productName = "Manipulating a Navigation Controller’s Array of View ControllersTests";
			productReference = 9D139E7B1777141500E5F058 /* Manipulating a Navigation Controller’s Array of View ControllersTests.xctest */;
			productType = "com.apple.product-type.bundle.unit-test";
		};
/* End PBXNativeTarget section */

/* Begin PBXProject section */
		9D139E581777141500E5F058 /* Project object */ = {
			isa = PBXProject;
			attributes = {
				LastUpgradeCheck = 0500;
				ORGANIZATIONNAME = "Pixolity Ltd.";
				TargetAttributes = {
					9D139E7A1777141500E5F058 = {
						TestTargetID = 9D139E5F1777141500E5F058;
					};
				};
			};
			buildConfigurationList = 9D139E5B1777141500E5F058 /* Build configuration list for PBXProject "Manipulating a Navigation Controller’s Array of View Controllers" */;
			compatibilityVersion = "Xcode 3.2";
			developmentRegion = English;
			hasScannedForEncodings = 0;
			knownRegions = (
				en,
			);
			mainGroup = 9D139E571777141500E5F058;
			productRefGroup = 9D139E611777141500E5F058 /* Products */;
			projectDirPath = "";
			projectRoot = "";
			targets = (
				9D139E5F1777141500E5F058 /* Manipulating a Navigation Controller’s Array of View Controllers */,
				9D139E7A1777141500E5F058 /* Manipulating a Navigation Controller’s Array of View ControllersTests */,
			);
		};
/* End PBXProject section */

/* Begin PBXResourcesBuildPhase section */
		9D139E5E1777141500E5F058 /* Resources */ = {
			isa = PBXResourcesBuildPhase;
			buildActionMask = 2147483647;
			files = (
				9D139E6E1777141500E5F058 /* InfoPlist.strings in Resources */,
				9D139E761777141500E5F058 /* Images.xcassets in Resources */,
			);
			runOnlyForDeploymentPostprocessing = 0;
		};
		9D139E791777141500E5F058 /* Resources */ = {
			isa = PBXResourcesBuildPhase;
			buildActionMask = 2147483647;
			files = (
				9D139E871777141500E5F058 /* InfoPlist.strings in Resources */,
			);
			runOnlyForDeploymentPostprocessing = 0;
		};
/* End PBXResourcesBuildPhase section */

/* Begin PBXSourcesBuildPhase section */
		9D139E5C1777141500E5F058 /* Sources */ = {
			isa = PBXSourcesBuildPhase;
			buildActionMask = 2147483647;
			files = (
				9D139E971777144900E5F058 /* SecondViewController.m in Sources */,
				9D139E741777141500E5F058 /* AppDelegate.m in Sources */,
				9D139E961777144900E5F058 /* FirstViewController.m in Sources */,
				9D139E701777141500E5F058 /* main.m in Sources */,
			);
			runOnlyForDeploymentPostprocessing = 0;
		};
		9D139E771777141500E5F058 /* Sources */ = {
			isa = PBXSourcesBuildPhase;
			buildActionMask = 2147483647;
			files = (
				9D139E891777141500E5F058 /* Manipulating_a_Navigation_Controller_s_Array_of_View_ControllersTests.m in Sources */,
			);
			runOnlyForDeploymentPostprocessing = 0;
		};
/* End PBXSourcesBuildPhase section */

/* Begin PBXTargetDependency section */
		9D139E811777141500E5F058 /* PBXTargetDependency */ = {
			isa = PBXTargetDependency;
			target = 9D139E5F1777141500E5F058 /* Manipulating a Navigation Controller’s Array of View Controllers */;
			targetProxy = 9D139E801777141500E5F058 /* PBXContainerItemProxy */;
		};
/* End PBXTargetDependency section */

/* Begin PBXVariantGroup section */
		9D139E6C1777141500E5F058 /* InfoPlist.strings */ = {
			isa = PBXVariantGroup;
			children = (
				9D139E6D1777141500E5F058 /* en */,
			);
			name = InfoPlist.strings;
			sourceTree = "<group>";
		};
		9D139E851777141500E5F058 /* InfoPlist.strings */ = {
			isa = PBXVariantGroup;
			children = (
				9D139E861777141500E5F058 /* en */,
			);
			name = InfoPlist.strings;
			sourceTree = "<group>";
		};
/* End PBXVariantGroup section */

/* Begin XCBuildConfiguration section */
		9D139E8A1777141500E5F058 /* Debug */ = {
			isa = XCBuildConfiguration;
			buildSettings = {
				ALWAYS_SEARCH_USER_PATHS = NO;
				CLANG_CXX_LANGUAGE_STANDARD = "gnu++0x";
				CLANG_CXX_LIBRARY = "libc++";
				CLANG_ENABLE_MODULES = YES;
				CLANG_ENABLE_OBJC_ARC = YES;
				CLANG_WARN_BOOL_CONVERSION = YES;
				CLANG_WARN_CONSTANT_CONVERSION = YES;
				CLANG_WARN_DIRECT_OBJC_ISA_USAGE = YES_ERROR;
				CLANG_WARN_EMPTY_BODY = YES;
				CLANG_WARN_ENUM_CONVERSION = YES;
				CLANG_WARN_INT_CONVERSION = YES;
				CLANG_WARN_OBJC_ROOT_CLASS = YES_ERROR;
				CLANG_WARN__DUPLICATE_METHOD_MATCH = YES;
				"CODE_SIGN_IDENTITY[sdk=iphoneos*]" = "iPhone Developer";
				COPY_PHASE_STRIP = NO;
				GCC_C_LANGUAGE_STANDARD = gnu99;
				GCC_DYNAMIC_NO_PIC = NO;
				GCC_OPTIMIZATION_LEVEL = 0;
				GCC_PREPROCESSOR_DEFINITIONS = (
					"DEBUG=1",
					"$(inherited)",
				);
				GCC_SYMBOLS_PRIVATE_EXTERN = NO;
				GCC_WARN_ABOUT_RETURN_TYPE = YES_ERROR;
				GCC_WARN_UNDECLARED_SELECTOR = YES;
				GCC_WARN_UNINITIALIZED_AUTOS = YES;
				GCC_WARN_UNUSED_FUNCTION = YES;
				GCC_WARN_UNUSED_VARIABLE = YES;
				IPHONEOS_DEPLOYMENT_TARGET = 7.0;
				ONLY_ACTIVE_ARCH = YES;
				SDKROOT = iphoneos;
				TARGETED_DEVICE_FAMILY = "1,2";
			};
			name = Debug;
		};
		9D139E8B1777141500E5F058 /* Release */ = {
			isa = XCBuildConfiguration;
			buildSettings = {
				ALWAYS_SEARCH_USER_PATHS = NO;
				CLANG_CXX_LANGUAGE_STANDARD = "gnu++0x";
				CLANG_CXX_LIBRARY = "libc++";
				CLANG_ENABLE_MODULES = YES;
				CLANG_ENABLE_OBJC_ARC = YES;
				CLANG_WARN_BOOL_CONVERSION = YES;
				CLANG_WARN_CONSTANT_CONVERSION = YES;
				CLANG_WARN_DIRECT_OBJC_ISA_USAGE = YES_ERROR;
				CLANG_WARN_EMPTY_BODY = YES;
				CLANG_WARN_ENUM_CONVERSION = YES;
				CLANG_WARN_INT_CONVERSION = YES;
				CLANG_WARN_OBJC_ROOT_CLASS = YES_ERROR;
				CLANG_WARN__DUPLICATE_METHOD_MATCH = YES;
				"CODE_SIGN_IDENTITY[sdk=iphoneos*]" = "iPhone Developer";
				COPY_PHASE_STRIP = YES;
				ENABLE_NS_ASSERTIONS = NO;
				GCC_C_LANGUAGE_STANDARD = gnu99;
				GCC_WARN_ABOUT_RETURN_TYPE = YES_ERROR;
				GCC_WARN_UNDECLARED_SELECTOR = YES;
				GCC_WARN_UNINITIALIZED_AUTOS = YES;
				GCC_WARN_UNUSED_FUNCTION = YES;
				GCC_WARN_UNUSED_VARIABLE = YES;
				IPHONEOS_DEPLOYMENT_TARGET = 7.0;
				SDKROOT = iphoneos;
				TARGETED_DEVICE_FAMILY = "1,2";
				VALIDATE_PRODUCT = YES;
			};
			name = Release;
		};
		9D139E8D1777141500E5F058 /* Debug */ = {
			isa = XCBuildConfiguration;
			buildSettings = {
				ASSETCATALOG_COMPILER_APPICON_NAME = AppIcon;
				ASSETCATALOG_COMPILER_LAUNCHIMAGE_NAME = LaunchImage;
				GCC_PRECOMPILE_PREFIX_HEADER = YES;
				GCC_PREFIX_HEADER = "Manipulating a Navigation Controller’s Array of View Controllers/Manipulating a Navigation Controller’s Array of View Controllers-Prefix.pch";
				INFOPLIST_FILE = "Manipulating a Navigation Controller’s Array of View Controllers/Manipulating a Navigation Controller’s Array of View Controllers-Info.plist";
				PRODUCT_NAME = "$(TARGET_NAME)";
				WRAPPER_EXTENSION = app;
			};
			name = Debug;
		};
		9D139E8E1777141500E5F058 /* Release */ = {
			isa = XCBuildConfiguration;
			buildSettings = {
				ASSETCATALOG_COMPILER_APPICON_NAME = AppIcon;
				ASSETCATALOG_COMPILER_LAUNCHIMAGE_NAME = LaunchImage;
				GCC_PRECOMPILE_PREFIX_HEADER = YES;
				GCC_PREFIX_HEADER = "Manipulating a Navigation Controller’s Array of View Controllers/Manipulating a Navigation Controller’s Array of View Controllers-Prefix.pch";
				INFOPLIST_FILE = "Manipulating a Navigation Controller’s Array of View Controllers/Manipulating a Navigation Controller’s Array of View Controllers-Info.plist";
				PRODUCT_NAME = "$(TARGET_NAME)";
				WRAPPER_EXTENSION = app;
			};
			name = Release;
		};
		9D139E901777141500E5F058 /* Debug */ = {
			isa = XCBuildConfiguration;
			buildSettings = {
				BUNDLE_LOADER = "$(BUILT_PRODUCTS_DIR)/Manipulating a Navigation Controller’s Array of View Controllers.app/Manipulating a Navigation Controller’s Array of View Controllers";
				FRAMEWORK_SEARCH_PATHS = (
					"$(SDKROOT)/Developer/Library/Frameworks",
					"$(inherited)",
					"$(SYSTEM_APPS_DIR)/Xcode5-DP.app/Contents/Developer/Library/Frameworks",
				);
				GCC_PRECOMPILE_PREFIX_HEADER = YES;
				GCC_PREFIX_HEADER = "Manipulating a Navigation Controller’s Array of View Controllers/Manipulating a Navigation Controller’s Array of View Controllers-Prefix.pch";
				GCC_PREPROCESSOR_DEFINITIONS = (
					"DEBUG=1",
					"$(inherited)",
				);
				INFOPLIST_FILE = "Manipulating a Navigation Controller’s Array of View ControllersTests/Manipulating a Navigation Controller’s Array of View ControllersTests-Info.plist";
				PRODUCT_NAME = "$(TARGET_NAME)";
				TEST_HOST = "$(BUNDLE_LOADER)";
				WRAPPER_EXTENSION = xctest;
			};
			name = Debug;
		};
		9D139E911777141500E5F058 /* Release */ = {
			isa = XCBuildConfiguration;
			buildSettings = {
				BUNDLE_LOADER = "$(BUILT_PRODUCTS_DIR)/Manipulating a Navigation Controller’s Array of View Controllers.app/Manipulating a Navigation Controller’s Array of View Controllers";
				FRAMEWORK_SEARCH_PATHS = (
					"$(SDKROOT)/Developer/Library/Frameworks",
					"$(inherited)",
					"$(SYSTEM_APPS_DIR)/Xcode5-DP.app/Contents/Developer/Library/Frameworks",
				);
				GCC_PRECOMPILE_PREFIX_HEADER = YES;
				GCC_PREFIX_HEADER = "Manipulating a Navigation Controller’s Array of View Controllers/Manipulating a Navigation Controller’s Array of View Controllers-Prefix.pch";
				INFOPLIST_FILE = "Manipulating a Navigation Controller’s Array of View ControllersTests/Manipulating a Navigation Controller’s Array of View ControllersTests-Info.plist";
				PRODUCT_NAME = "$(TARGET_NAME)";
				TEST_HOST = "$(BUNDLE_LOADER)";
				WRAPPER_EXTENSION = xctest;
			};
			name = Release;
		};
/* End XCBuildConfiguration section */

/* Begin XCConfigurationList section */
		9D139E5B1777141500E5F058 /* Build configuration list for PBXProject "Manipulating a Navigation Controller’s Array of View Controllers" */ = {
			isa = XCConfigurationList;
			buildConfigurations = (
				9D139E8A1777141500E5F058 /* Debug */,
				9D139E8B1777141500E5F058 /* Release */,
			);
			defaultConfigurationIsVisible = 0;
			defaultConfigurationName = Release;
		};
		9D139E8C1777141500E5F058 /* Build configuration list for PBXNativeTarget "Manipulating a Navigation Controller’s Array of View Controllers" */ = {
			isa = XCConfigurationList;
			buildConfigurations = (
				9D139E8D1777141500E5F058 /* Debug */,
				9D139E8E1777141500E5F058 /* Release */,
			);
			defaultConfigurationIsVisible = 0;
		};
		9D139E8F1777141500E5F058 /* Build configuration list for PBXNativeTarget "Manipulating a Navigation Controller’s Array of View ControllersTests" */ = {
			isa = XCConfigurationList;
			buildConfigurations = (
				9D139E901777141500E5F058 /* Debug */,
				9D139E911777141500E5F058 /* Release */,
			);
			defaultConfigurationIsVisible = 0;
		};
/* End XCConfigurationList section */
	};
	rootObject = 9D139E581777141500E5F058 /* Project object */;
}
