// !$*UTF8*$!
{
	archiveVersion = 1;
	classes = {
	};
	objectVersion = 46;
	objects = {

/* Begin PBXBuildFile section */
		9D029E431778E01B004E533F /* Foundation.framework in Frameworks */ = {isa = PBXBuildFile; fileRef = 9D029E421778E01B004E533F /* Foundation.framework */; };
		9D029E451778E01B004E533F /* CoreGraphics.framework in Frameworks */ = {isa = PBXBuildFile; fileRef = 9D029E441778E01B004E533F /* CoreGraphics.framework */; };
		9D029E471778E01B004E533F /* UIKit.framework in Frameworks */ = {isa = PBXBuildFile; fileRef = 9D029E461778E01B004E533F /* UIKit.framework */; };
		9D029E4D1778E01B004E533F /* InfoPlist.strings in Resources */ = {isa = PBXBuildFile; fileRef = 9D029E4B1778E01B004E533F /* InfoPlist.strings */; };
		9D029E4F1778E01B004E533F /* main.m in Sources */ = {isa = PBXBuildFile; fileRef = 9D029E4E1778E01B004E533F /* main.m */; };
		9D029E531778E01B004E533F /* AppDelegate.m in Sources */ = {isa = PBXBuildFile; fileRef = 9D029E521778E01B004E533F /* AppDelegate.m */; };
		9D029E561778E01B004E533F /* Main_iPhone.storyboard in Resources */ = {isa = PBXBuildFile; fileRef = 9D029E541778E01B004E533F /* Main_iPhone.storyboard */; };
		9D029E591778E01B004E533F /* Main_iPad.storyboard in Resources */ = {isa = PBXBuildFile; fileRef = 9D029E571778E01B004E533F /* Main_iPad.storyboard */; };
		9D029E5C1778E01B004E533F /* ViewController.m in Sources */ = {isa = PBXBuildFile; fileRef = 9D029E5B1778E01B004E533F /* ViewController.m */; };
		9D029E5E1778E01B004E533F /* Images.xcassets in Resources */ = {isa = PBXBuildFile; fileRef = 9D029E5D1778E01B004E533F /* Images.xcassets */; };
		9D029E651778E01B004E533F /* XCTest.framework in Frameworks */ = {isa = PBXBuildFile; fileRef = 9D029E641778E01B004E533F /* XCTest.framework */; };
		9D029E661778E01B004E533F /* Foundation.framework in Frameworks */ = {isa = PBXBuildFile; fileRef = 9D029E421778E01B004E533F /* Foundation.framework */; };
		9D029E671778E01B004E533F /* UIKit.framework in Frameworks */ = {isa = PBXBuildFile; fileRef = 9D029E461778E01B004E533F /* UIKit.framework */; };
		9D029E6F1778E01B004E533F /* InfoPlist.strings in Resources */ = {isa = PBXBuildFile; fileRef = 9D029E6D1778E01B004E533F /* InfoPlist.strings */; };
		9D029E711778E01B004E533F /* Detecting_Tap_GesturesTests.m in Sources */ = {isa = PBXBuildFile; fileRef = 9D029E701778E01B004E533F /* Detecting_Tap_GesturesTests.m */; };
/* End PBXBuildFile section */

/* Begin PBXContainerItemProxy section */
		9D029E681778E01B004E533F /* PBXContainerItemProxy */ = {
			isa = PBXContainerItemProxy;
			containerPortal = 9D029E371778E01B004E533F /* Project object */;
			proxyType = 1;
			remoteGlobalIDString = 9D029E3E1778E01B004E533F;
			remoteInfo = "Detecting Tap Gestures";
		};
/* End PBXContainerItemProxy section */

/* Begin PBXFileReference section */
		9D029E3F1778E01B004E533F /* Detecting Tap Gestures.app */ = {isa = PBXFileReference; explicitFileType = wrapper.application; includeInIndex = 0; path = "Detecting Tap Gestures.app"; sourceTree = BUILT_PRODUCTS_DIR; };
		9D029E421778E01B004E533F /* Foundation.framework */ = {isa = PBXFileReference; lastKnownFileType = wrapper.framework; name = Foundation.framework; path = System/Library/Frameworks/Foundation.framework; sourceTree = SDKROOT; };
		9D029E441778E01B004E533F /* CoreGraphics.framework */ = {isa = PBXFileReference; lastKnownFileType = wrapper.framework; name = CoreGraphics.framework; path = System/Library/Frameworks/CoreGraphics.framework; sourceTree = SDKROOT; };
		9D029E461778E01B004E533F /* UIKit.framework */ = {isa = PBXFileReference; lastKnownFileType = wrapper.framework; name = UIKit.framework; path = System/Library/Frameworks/UIKit.framework; sourceTree = SDKROOT; };
		9D029E4A1778E01B004E533F /* Detecting Tap Gestures-Info.plist */ = {isa = PBXFileReference; lastKnownFileType = text.plist.xml; path = "Detecting Tap Gestures-Info.plist"; sourceTree = "<group>"; };
		9D029E4C1778E01B004E533F /* en */ = {isa = PBXFileReference; lastKnownFileType = text.plist.strings; name = en; path = en.lproj/InfoPlist.strings; sourceTree = "<group>"; };
		9D029E4E1778E01B004E533F /* main.m */ = {isa = PBXFileReference; lastKnownFileType = sourcecode.c.objc; path = main.m; sourceTree = "<group>"; };
		9D029E501778E01B004E533F /* Detecting Tap Gestures-Prefix.pch */ = {isa = PBXFileReference; lastKnownFileType = sourcecode.c.h; path = "Detecting Tap Gestures-Prefix.pch"; sourceTree = "<group>"; };
		9D029E511778E01B004E533F /* AppDelegate.h */ = {isa = PBXFileReference; lastKnownFileType = sourcecode.c.h; path = AppDelegate.h; sourceTree = "<group>"; };
		9D029E521778E01B004E533F /* AppDelegate.m */ = {isa = PBXFileReference; lastKnownFileType = sourcecode.c.objc; path = AppDelegate.m; sourceTree = "<group>"; };
		9D029E551778E01B004E533F /* Base */ = {isa = PBXFileReference; lastKnownFileType = file.storyboard; name = Base; path = Base.lproj/Main_iPhone.storyboard; sourceTree = "<group>"; };
		9D029E581778E01B004E533F /* Base */ = {isa = PBXFileReference; lastKnownFileType = file.storyboard; name = Base; path = Base.lproj/Main_iPad.storyboard; sourceTree = "<group>"; };
		9D029E5A1778E01B004E533F /* ViewController.h */ = {isa = PBXFileReference; lastKnownFileType = sourcecode.c.h; path = ViewController.h; sourceTree = "<group>"; };
		9D029E5B1778E01B004E533F /* ViewController.m */ = {isa = PBXFileReference; lastKnownFileType = sourcecode.c.objc; path = ViewController.m; sourceTree = "<group>"; };
		9D029E5D1778E01B004E533F /* Images.xcassets */ = {isa = PBXFileReference; lastKnownFileType = folder.assetcatalog; path = Images.xcassets; sourceTree = "<group>"; };
		9D029E631778E01B004E533F /* Detecting Tap GesturesTests.xctest */ = {isa = PBXFileReference; explicitFileType = wrapper.cfbundle; includeInIndex = 0; path = "Detecting Tap GesturesTests.xctest"; sourceTree = BUILT_PRODUCTS_DIR; };
		9D029E641778E01B004E533F /* XCTest.framework */ = {isa = PBXFileReference; lastKnownFileType = wrapper.framework; name = XCTest.framework; path = Library/Frameworks/XCTest.framework; sourceTree = DEVELOPER_DIR; };
		9D029E6C1778E01B004E533F /* Detecting Tap GesturesTests-Info.plist */ = {isa = PBXFileReference; lastKnownFileType = text.plist.xml; path = "Detecting Tap GesturesTests-Info.plist"; sourceTree = "<group>"; };
		9D029E6E1778E01B004E533F /* en */ = {isa = PBXFileReference; lastKnownFileType = text.plist.strings; name = en; path = en.lproj/InfoPlist.strings; sourceTree = "<group>"; };
		9D029E701778E01B004E533F /* Detecting_Tap_GesturesTests.m */ = {isa = PBXFileReference; lastKnownFileType = sourcecode.c.objc; path = Detecting_Tap_GesturesTests.m; sourceTree = "<group>"; };
/* End PBXFileReference section */

/* Begin PBXFrameworksBuildPhase section */
		9D029E3C1778E01B004E533F /* Frameworks */ = {
			isa = PBXFrameworksBuildPhase;
			buildActionMask = 2147483647;
			files = (
				9D029E451778E01B004E533F /* CoreGraphics.framework in Frameworks */,
				9D029E471778E01B004E533F /* UIKit.framework in Frameworks */,
				9D029E431778E01B004E533F /* Foundation.framework in Frameworks */,
			);
			runOnlyForDeploymentPostprocessing = 0;
		};
		9D029E601778E01B004E533F /* Frameworks */ = {
			isa = PBXFrameworksBuildPhase;
			buildActionMask = 2147483647;
			files = (
				9D029E651778E01B004E533F /* XCTest.framework in Frameworks */,
				9D029E671778E01B004E533F /* UIKit.framework in Frameworks */,
				9D029E661778E01B004E533F /* Foundation.framework in Frameworks */,
			);
			runOnlyForDeploymentPostprocessing = 0;
		};
/* End PBXFrameworksBuildPhase section */

/* Begin PBXGroup section */
		9D029E361778E01B004E533F = {
			isa = PBXGroup;
			children = (
				9D029E481778E01B004E533F /* Detecting Tap Gestures */,
				9D029E6A1778E01B004E533F /* Detecting Tap GesturesTests */,
				9D029E411778E01B004E533F /* Frameworks */,
				9D029E401778E01B004E533F /* Products */,
			);
			sourceTree = "<group>";
		};
		9D029E401778E01B004E533F /* Products */ = {
			isa = PBXGroup;
			children = (
				9D029E3F1778E01B004E533F /* Detecting Tap Gestures.app */,
				9D029E631778E01B004E533F /* Detecting Tap GesturesTests.xctest */,
			);
			name = Products;
			sourceTree = "<group>";
		};
		9D029E411778E01B004E533F /* Frameworks */ = {
			isa = PBXGroup;
			children = (
				9D029E421778E01B004E533F /* Foundation.framework */,
				9D029E441778E01B004E533F /* CoreGraphics.framework */,
				9D029E461778E01B004E533F /* UIKit.framework */,
				9D029E641778E01B004E533F /* XCTest.framework */,
			);
			name = Frameworks;
			sourceTree = "<group>";
		};
		9D029E481778E01B004E533F /* Detecting Tap Gestures */ = {
			isa = PBXGroup;
			children = (
				9D029E511778E01B004E533F /* AppDelegate.h */,
				9D029E521778E01B004E533F /* AppDelegate.m */,
				9D029E541778E01B004E533F /* Main_iPhone.storyboard */,
				9D029E571778E01B004E533F /* Main_iPad.storyboard */,
				9D029E5A1778E01B004E533F /* ViewController.h */,
				9D029E5B1778E01B004E533F /* ViewController.m */,
				9D029E5D1778E01B004E533F /* Images.xcassets */,
				9D029E491778E01B004E533F /* Supporting Files */,
			);
			path = "Detecting Tap Gestures";
			sourceTree = "<group>";
		};
		9D029E491778E01B004E533F /* Supporting Files */ = {
			isa = PBXGroup;
			children = (
				9D029E4A1778E01B004E533F /* Detecting Tap Gestures-Info.plist */,
				9D029E4B1778E01B004E533F /* InfoPlist.strings */,
				9D029E4E1778E01B004E533F /* main.m */,
				9D029E501778E01B004E533F /* Detecting Tap Gestures-Prefix.pch */,
			);
			name = "Supporting Files";
			sourceTree = "<group>";
		};
		9D029E6A1778E01B004E533F /* Detecting Tap GesturesTests */ = {
			isa = PBXGroup;
			children = (
				9D029E701778E01B004E533F /* Detecting_Tap_GesturesTests.m */,
				9D029E6B1778E01B004E533F /* Supporting Files */,
			);
			path = "Detecting Tap GesturesTests";
			sourceTree = "<group>";
		};
		9D029E6B1778E01B004E533F /* Supporting Files */ = {
			isa = PBXGroup;
			children = (
				9D029E6C1778E01B004E533F /* Detecting Tap GesturesTests-Info.plist */,
				9D029E6D1778E01B004E533F /* InfoPlist.strings */,
			);
			name = "Supporting Files";
			sourceTree = "<group>";
		};
/* End PBXGroup section */

/* Begin PBXNativeTarget section */
		9D029E3E1778E01B004E533F /* Detecting Tap Gestures */ = {
			isa = PBXNativeTarget;
			buildConfigurationList = 9D029E741778E01B004E533F /* Build configuration list for PBXNativeTarget "Detecting Tap Gestures" */;
			buildPhases = (
				9D029E3B1778E01B004E533F /* Sources */,
				9D029E3C1778E01B004E533F /* Frameworks */,
				9D029E3D1778E01B004E533F /* Resources */,
			);
			buildRules = (
			);
			dependencies = (
			);
			name = "Detecting Tap Gestures";
			productName = "Detecting Tap Gestures";
			productReference = 9D029E3F1778E01B004E533F /* Detecting Tap Gestures.app */;
			productType = "com.apple.product-type.application";
		};
		9D029E621778E01B004E533F /* Detecting Tap GesturesTests */ = {
			isa = PBXNativeTarget;
			buildConfigurationList = 9D029E771778E01B004E533F /* Build configuration list for PBXNativeTarget "Detecting Tap GesturesTests" */;
			buildPhases = (
				9D029E5F1778E01B004E533F /* Sources */,
				9D029E601778E01B004E533F /* Frameworks */,
				9D029E611778E01B004E533F /* Resources */,
			);
			buildRules = (
			);
			dependencies = (
				9D029E691778E01B004E533F /* PBXTargetDependency */,
			);
			name = "Detecting Tap GesturesTests";
			productName = "Detecting Tap GesturesTests";
			productReference = 9D029E631778E01B004E533F /* Detecting Tap GesturesTests.xctest */;
			productType = "com.apple.product-type.bundle.unit-test";
		};
/* End PBXNativeTarget section */

/* Begin PBXProject section */
		9D029E371778E01B004E533F /* Project object */ = {
			isa = PBXProject;
			attributes = {
				LastUpgradeCheck = 0500;
				ORGANIZATIONNAME = "Pixolity Ltd.";
				TargetAttributes = {
					9D029E621778E01B004E533F = {
						TestTargetID = 9D029E3E1778E01B004E533F;
					};
				};
			};
			buildConfigurationList = 9D029E3A1778E01B004E533F /* Build configuration list for PBXProject "Detecting Tap Gestures" */;
			compatibilityVersion = "Xcode 3.2";
			developmentRegion = English;
			hasScannedForEncodings = 0;
			knownRegions = (
				en,
				Base,
			);
			mainGroup = 9D029E361778E01B004E533F;
			productRefGroup = 9D029E401778E01B004E533F /* Products */;
			projectDirPath = "";
			projectRoot = "";
			targets = (
				9D029E3E1778E01B004E533F /* Detecting Tap Gestures */,
				9D029E621778E01B004E533F /* Detecting Tap GesturesTests */,
			);
		};
/* End PBXProject section */

/* Begin PBXResourcesBuildPhase section */
		9D029E3D1778E01B004E533F /* Resources */ = {
			isa = PBXResourcesBuildPhase;
			buildActionMask = 2147483647;
			files = (
				9D029E591778E01B004E533F /* Main_iPad.storyboard in Resources */,
				9D029E5E1778E01B004E533F /* Images.xcassets in Resources */,
				9D029E561778E01B004E533F /* Main_iPhone.storyboard in Resources */,
				9D029E4D1778E01B004E533F /* InfoPlist.strings in Resources */,
			);
			runOnlyForDeploymentPostprocessing = 0;
		};
		9D029E611778E01B004E533F /* Resources */ = {
			isa = PBXResourcesBuildPhase;
			buildActionMask = 2147483647;
			files = (
				9D029E6F1778E01B004E533F /* InfoPlist.strings in Resources */,
			);
			runOnlyForDeploymentPostprocessing = 0;
		};
/* End PBXResourcesBuildPhase section */

/* Begin PBXSourcesBuildPhase section */
		9D029E3B1778E01B004E533F /* Sources */ = {
			isa = PBXSourcesBuildPhase;
			buildActionMask = 2147483647;
			files = (
				9D029E5C1778E01B004E533F /* ViewController.m in Sources */,
				9D029E531778E01B004E533F /* AppDelegate.m in Sources */,
				9D029E4F1778E01B004E533F /* main.m in Sources */,
			);
			runOnlyForDeploymentPostprocessing = 0;
		};
		9D029E5F1778E01B004E533F /* Sources */ = {
			isa = PBXSourcesBuildPhase;
			buildActionMask = 2147483647;
			files = (
				9D029E711778E01B004E533F /* Detecting_Tap_GesturesTests.m in Sources */,
			);
			runOnlyForDeploymentPostprocessing = 0;
		};
/* End PBXSourcesBuildPhase section */

/* Begin PBXTargetDependency section */
		9D029E691778E01B004E533F /* PBXTargetDependency */ = {
			isa = PBXTargetDependency;
			target = 9D029E3E1778E01B004E533F /* Detecting Tap Gestures */;
			targetProxy = 9D029E681778E01B004E533F /* PBXContainerItemProxy */;
		};
/* End PBXTargetDependency section */

/* Begin PBXVariantGroup section */
		9D029E4B1778E01B004E533F /* InfoPlist.strings */ = {
			isa = PBXVariantGroup;
			children = (
				9D029E4C1778E01B004E533F /* en */,
			);
			name = InfoPlist.strings;
			sourceTree = "<group>";
		};
		9D029E541778E01B004E533F /* Main_iPhone.storyboard */ = {
			isa = PBXVariantGroup;
			children = (
				9D029E551778E01B004E533F /* Base */,
			);
			name = Main_iPhone.storyboard;
			sourceTree = "<group>";
		};
		9D029E571778E01B004E533F /* Main_iPad.storyboard */ = {
			isa = PBXVariantGroup;
			children = (
				9D029E581778E01B004E533F /* Base */,
			);
			name = Main_iPad.storyboard;
			sourceTree = "<group>";
		};
		9D029E6D1778E01B004E533F /* InfoPlist.strings */ = {
			isa = PBXVariantGroup;
			children = (
				9D029E6E1778E01B004E533F /* en */,
			);
			name = InfoPlist.strings;
			sourceTree = "<group>";
		};
/* End PBXVariantGroup section */

/* Begin XCBuildConfiguration section */
		9D029E721778E01B004E533F /* Debug */ = {
			isa = XCBuildConfiguration;
			buildSettings = {
				ALWAYS_SEARCH_USER_PATHS = NO;
				CLANG_CXX_LANGUAGE_STANDARD = "gnu++0x";
				CLANG_CXX_LIBRARY = "libc++";
				CLANG_ENABLE_MODULES = YES;
				CLANG_ENABLE_OBJC_ARC = YES;
				CLANG_WARN_BOOL_CONVERSION = YES;
				CLANG_WARN_CONSTANT_CONVERSION = YES;
				CLANG_WARN_DIRECT_OBJC_ISA_USAGE = YES_ERROR;
				CLANG_WARN_EMPTY_BODY = YES;
				CLANG_WARN_ENUM_CONVERSION = YES;
				CLANG_WARN_INT_CONVERSION = YES;
				CLANG_WARN_OBJC_ROOT_CLASS = YES_ERROR;
				CLANG_WARN__DUPLICATE_METHOD_MATCH = YES;
				"CODE_SIGN_IDENTITY[sdk=iphoneos*]" = "iPhone Developer";
				COPY_PHASE_STRIP = NO;
				GCC_C_LANGUAGE_STANDARD = gnu99;
				GCC_DYNAMIC_NO_PIC = NO;
				GCC_OPTIMIZATION_LEVEL = 0;
				GCC_PREPROCESSOR_DEFINITIONS = (
					"DEBUG=1",
					"$(inherited)",
				);
				GCC_SYMBOLS_PRIVATE_EXTERN = NO;
				GCC_WARN_ABOUT_RETURN_TYPE = YES_ERROR;
				GCC_WARN_UNDECLARED_SELECTOR = YES;
				GCC_WARN_UNINITIALIZED_AUTOS = YES;
				GCC_WARN_UNUSED_FUNCTION = YES;
				GCC_WARN_UNUSED_VARIABLE = YES;
				IPHONEOS_DEPLOYMENT_TARGET = 7.0;
				ONLY_ACTIVE_ARCH = YES;
				SDKROOT = iphoneos;
				TARGETED_DEVICE_FAMILY = "1,2";
			};
			name = Debug;
		};
		9D029E731778E01B004E533F /* Release */ = {
			isa = XCBuildConfiguration;
			buildSettings = {
				ALWAYS_SEARCH_USER_PATHS = NO;
				CLANG_CXX_LANGUAGE_STANDARD = "gnu++0x";
				CLANG_CXX_LIBRARY = "libc++";
				CLANG_ENABLE_MODULES = YES;
				CLANG_ENABLE_OBJC_ARC = YES;
				CLANG_WARN_BOOL_CONVERSION = YES;
				CLANG_WARN_CONSTANT_CONVERSION = YES;
				CLANG_WARN_DIRECT_OBJC_ISA_USAGE = YES_ERROR;
				CLANG_WARN_EMPTY_BODY = YES;
				CLANG_WARN_ENUM_CONVERSION = YES;
				CLANG_WARN_INT_CONVERSION = YES;
				CLANG_WARN_OBJC_ROOT_CLASS = YES_ERROR;
				CLANG_WARN__DUPLICATE_METHOD_MATCH = YES;
				"CODE_SIGN_IDENTITY[sdk=iphoneos*]" = "iPhone Developer";
				COPY_PHASE_STRIP = YES;
				ENABLE_NS_ASSERTIONS = NO;
				GCC_C_LANGUAGE_STANDARD = gnu99;
				GCC_WARN_ABOUT_RETURN_TYPE = YES_ERROR;
				GCC_WARN_UNDECLARED_SELECTOR = YES;
				GCC_WARN_UNINITIALIZED_AUTOS = YES;
				GCC_WARN_UNUSED_FUNCTION = YES;
				GCC_WARN_UNUSED_VARIABLE = YES;
				IPHONEOS_DEPLOYMENT_TARGET = 7.0;
				SDKROOT = iphoneos;
				TARGETED_DEVICE_FAMILY = "1,2";
				VALIDATE_PRODUCT = YES;
			};
			name = Release;
		};
		9D029E751778E01B004E533F /* Debug */ = {
			isa = XCBuildConfiguration;
			buildSettings = {
				ASSETCATALOG_COMPILER_APPICON_NAME = AppIcon;
				ASSETCATALOG_COMPILER_LAUNCHIMAGE_NAME = LaunchImage;
				GCC_PRECOMPILE_PREFIX_HEADER = YES;
				GCC_PREFIX_HEADER = "Detecting Tap Gestures/Detecting Tap Gestures-Prefix.pch";
				INFOPLIST_FILE = "Detecting Tap Gestures/Detecting Tap Gestures-Info.plist";
				PRODUCT_NAME = "$(TARGET_NAME)";
				WRAPPER_EXTENSION = app;
			};
			name = Debug;
		};
		9D029E761778E01B004E533F /* Release */ = {
			isa = XCBuildConfiguration;
			buildSettings = {
				ASSETCATALOG_COMPILER_APPICON_NAME = AppIcon;
				ASSETCATALOG_COMPILER_LAUNCHIMAGE_NAME = LaunchImage;
				GCC_PRECOMPILE_PREFIX_HEADER = YES;
				GCC_PREFIX_HEADER = "Detecting Tap Gestures/Detecting Tap Gestures-Prefix.pch";
				INFOPLIST_FILE = "Detecting Tap Gestures/Detecting Tap Gestures-Info.plist";
				PRODUCT_NAME = "$(TARGET_NAME)";
				WRAPPER_EXTENSION = app;
			};
			name = Release;
		};
		9D029E781778E01B004E533F /* Debug */ = {
			isa = XCBuildConfiguration;
			buildSettings = {
				BUNDLE_LOADER = "$(BUILT_PRODUCTS_DIR)/Detecting Tap Gestures.app/Detecting Tap Gestures";
				FRAMEWORK_SEARCH_PATHS = (
					"$(SDKROOT)/Developer/Library/Frameworks",
					"$(inherited)",
					"$(SYSTEM_APPS_DIR)/Xcode5-DP.app/Contents/Developer/Library/Frameworks",
				);
				GCC_PRECOMPILE_PREFIX_HEADER = YES;
				GCC_PREFIX_HEADER = "Detecting Tap Gestures/Detecting Tap Gestures-Prefix.pch";
				GCC_PREPROCESSOR_DEFINITIONS = (
					"DEBUG=1",
					"$(inherited)",
				);
				INFOPLIST_FILE = "Detecting Tap GesturesTests/Detecting Tap GesturesTests-Info.plist";
				PRODUCT_NAME = "$(TARGET_NAME)";
				TEST_HOST = "$(BUNDLE_LOADER)";
				WRAPPER_EXTENSION = xctest;
			};
			name = Debug;
		};
		9D029E791778E01B004E533F /* Release */ = {
			isa = XCBuildConfiguration;
			buildSettings = {
				BUNDLE_LOADER = "$(BUILT_PRODUCTS_DIR)/Detecting Tap Gestures.app/Detecting Tap Gestures";
				FRAMEWORK_SEARCH_PATHS = (
					"$(SDKROOT)/Developer/Library/Frameworks",
					"$(inherited)",
					"$(SYSTEM_APPS_DIR)/Xcode5-DP.app/Contents/Developer/Library/Frameworks",
				);
				GCC_PRECOMPILE_PREFIX_HEADER = YES;
				GCC_PREFIX_HEADER = "Detecting Tap Gestures/Detecting Tap Gestures-Prefix.pch";
				INFOPLIST_FILE = "Detecting Tap GesturesTests/Detecting Tap GesturesTests-Info.plist";
				PRODUCT_NAME = "$(TARGET_NAME)";
				TEST_HOST = "$(BUNDLE_LOADER)";
				WRAPPER_EXTENSION = xctest;
			};
			name = Release;
		};
/* End XCBuildConfiguration section */

/* Begin XCConfigurationList section */
		9D029E3A1778E01B004E533F /* Build configuration list for PBXProject "Detecting Tap Gestures" */ = {
			isa = XCConfigurationList;
			buildConfigurations = (
				9D029E721778E01B004E533F /* Debug */,
				9D029E731778E01B004E533F /* Release */,
			);
			defaultConfigurationIsVisible = 0;
			defaultConfigurationName = Release;
		};
		9D029E741778E01B004E533F /* Build configuration list for PBXNativeTarget "Detecting Tap Gestures" */ = {
			isa = XCConfigurationList;
			buildConfigurations = (
				9D029E751778E01B004E533F /* Debug */,
				9D029E761778E01B004E533F /* Release */,
			);
			defaultConfigurationIsVisible = 0;
		};
		9D029E771778E01B004E533F /* Build configuration list for PBXNativeTarget "Detecting Tap GesturesTests" */ = {
			isa = XCConfigurationList;
			buildConfigurations = (
				9D029E781778E01B004E533F /* Debug */,
				9D029E791778E01B004E533F /* Release */,
			);
			defaultConfigurationIsVisible = 0;
		};
/* End XCConfigurationList section */
	};
	rootObject = 9D029E371778E01B004E533F /* Project object */;
}
