// !$*UTF8*$!
{
	archiveVersion = 1;
	classes = {
	};
	objectVersion = 46;
	objects = {

/* Begin PBXBuildFile section */
		9DE06C29177F68070005316F /* Foundation.framework in Frameworks */ = {isa = PBXBuildFile; fileRef = 9DE06C28177F68070005316F /* Foundation.framework */; };
		9DE06C2B177F68070005316F /* CoreGraphics.framework in Frameworks */ = {isa = PBXBuildFile; fileRef = 9DE06C2A177F68070005316F /* CoreGraphics.framework */; };
		9DE06C2D177F68070005316F /* UIKit.framework in Frameworks */ = {isa = PBXBuildFile; fileRef = 9DE06C2C177F68070005316F /* UIKit.framework */; };
		9DE06C33177F68070005316F /* InfoPlist.strings in Resources */ = {isa = PBXBuildFile; fileRef = 9DE06C31177F68070005316F /* InfoPlist.strings */; };
		9DE06C35177F68070005316F /* main.m in Sources */ = {isa = PBXBuildFile; fileRef = 9DE06C34177F68070005316F /* main.m */; };
		9DE06C39177F68070005316F /* AppDelegate.m in Sources */ = {isa = PBXBuildFile; fileRef = 9DE06C38177F68070005316F /* AppDelegate.m */; };
		9DE06C3B177F68070005316F /* Images.xcassets in Resources */ = {isa = PBXBuildFile; fileRef = 9DE06C3A177F68070005316F /* Images.xcassets */; };
		9DE06C42177F68070005316F /* XCTest.framework in Frameworks */ = {isa = PBXBuildFile; fileRef = 9DE06C41177F68070005316F /* XCTest.framework */; };
		9DE06C43177F68070005316F /* Foundation.framework in Frameworks */ = {isa = PBXBuildFile; fileRef = 9DE06C28177F68070005316F /* Foundation.framework */; };
		9DE06C44177F68070005316F /* UIKit.framework in Frameworks */ = {isa = PBXBuildFile; fileRef = 9DE06C2C177F68070005316F /* UIKit.framework */; };
		9DE06C4C177F68070005316F /* InfoPlist.strings in Resources */ = {isa = PBXBuildFile; fileRef = 9DE06C4A177F68070005316F /* InfoPlist.strings */; };
		9DE06C4E177F68070005316F /* Handling_Location_Changes_in_the_BackgroundTests.m in Sources */ = {isa = PBXBuildFile; fileRef = 9DE06C4D177F68070005316F /* Handling_Location_Changes_in_the_BackgroundTests.m */; };
/* End PBXBuildFile section */

/* Begin PBXContainerItemProxy section */
		9DE06C45177F68070005316F /* PBXContainerItemProxy */ = {
			isa = PBXContainerItemProxy;
			containerPortal = 9DE06C1D177F68070005316F /* Project object */;
			proxyType = 1;
			remoteGlobalIDString = 9DE06C24177F68070005316F;
			remoteInfo = "Handling Location Changes in the Background";
		};
/* End PBXContainerItemProxy section */

/* Begin PBXFileReference section */
		9DE06C25177F68070005316F /* Handling Location Changes in the Background.app */ = {isa = PBXFileReference; explicitFileType = wrapper.application; includeInIndex = 0; path = "Handling Location Changes in the Background.app"; sourceTree = BUILT_PRODUCTS_DIR; };
		9DE06C28177F68070005316F /* Foundation.framework */ = {isa = PBXFileReference; lastKnownFileType = wrapper.framework; name = Foundation.framework; path = System/Library/Frameworks/Foundation.framework; sourceTree = SDKROOT; };
		9DE06C2A177F68070005316F /* CoreGraphics.framework */ = {isa = PBXFileReference; lastKnownFileType = wrapper.framework; name = CoreGraphics.framework; path = System/Library/Frameworks/CoreGraphics.framework; sourceTree = SDKROOT; };
		9DE06C2C177F68070005316F /* UIKit.framework */ = {isa = PBXFileReference; lastKnownFileType = wrapper.framework; name = UIKit.framework; path = System/Library/Frameworks/UIKit.framework; sourceTree = SDKROOT; };
		9DE06C30177F68070005316F /* Handling Location Changes in the Background-Info.plist */ = {isa = PBXFileReference; lastKnownFileType = text.plist.xml; path = "Handling Location Changes in the Background-Info.plist"; sourceTree = "<group>"; };
		9DE06C32177F68070005316F /* en */ = {isa = PBXFileReference; lastKnownFileType = text.plist.strings; name = en; path = en.lproj/InfoPlist.strings; sourceTree = "<group>"; };
		9DE06C34177F68070005316F /* main.m */ = {isa = PBXFileReference; lastKnownFileType = sourcecode.c.objc; path = main.m; sourceTree = "<group>"; };
		9DE06C36177F68070005316F /* Handling Location Changes in the Background-Prefix.pch */ = {isa = PBXFileReference; lastKnownFileType = sourcecode.c.h; path = "Handling Location Changes in the Background-Prefix.pch"; sourceTree = "<group>"; };
		9DE06C37177F68070005316F /* AppDelegate.h */ = {isa = PBXFileReference; lastKnownFileType = sourcecode.c.h; path = AppDelegate.h; sourceTree = "<group>"; };
		9DE06C38177F68070005316F /* AppDelegate.m */ = {isa = PBXFileReference; lastKnownFileType = sourcecode.c.objc; path = AppDelegate.m; sourceTree = "<group>"; };
		9DE06C3A177F68070005316F /* Images.xcassets */ = {isa = PBXFileReference; lastKnownFileType = folder.assetcatalog; path = Images.xcassets; sourceTree = "<group>"; };
		9DE06C40177F68070005316F /* Handling Location Changes in the BackgroundTests.xctest */ = {isa = PBXFileReference; explicitFileType = wrapper.cfbundle; includeInIndex = 0; path = "Handling Location Changes in the BackgroundTests.xctest"; sourceTree = BUILT_PRODUCTS_DIR; };
		9DE06C41177F68070005316F /* XCTest.framework */ = {isa = PBXFileReference; lastKnownFileType = wrapper.framework; name = XCTest.framework; path = Library/Frameworks/XCTest.framework; sourceTree = DEVELOPER_DIR; };
		9DE06C49177F68070005316F /* Handling Location Changes in the BackgroundTests-Info.plist */ = {isa = PBXFileReference; lastKnownFileType = text.plist.xml; path = "Handling Location Changes in the BackgroundTests-Info.plist"; sourceTree = "<group>"; };
		9DE06C4B177F68070005316F /* en */ = {isa = PBXFileReference; lastKnownFileType = text.plist.strings; name = en; path = en.lproj/InfoPlist.strings; sourceTree = "<group>"; };
		9DE06C4D177F68070005316F /* Handling_Location_Changes_in_the_BackgroundTests.m */ = {isa = PBXFileReference; lastKnownFileType = sourcecode.c.objc; path = Handling_Location_Changes_in_the_BackgroundTests.m; sourceTree = "<group>"; };
/* End PBXFileReference section */

/* Begin PBXFrameworksBuildPhase section */
		9DE06C22177F68070005316F /* Frameworks */ = {
			isa = PBXFrameworksBuildPhase;
			buildActionMask = 2147483647;
			files = (
				9DE06C2B177F68070005316F /* CoreGraphics.framework in Frameworks */,
				9DE06C2D177F68070005316F /* UIKit.framework in Frameworks */,
				9DE06C29177F68070005316F /* Foundation.framework in Frameworks */,
			);
			runOnlyForDeploymentPostprocessing = 0;
		};
		9DE06C3D177F68070005316F /* Frameworks */ = {
			isa = PBXFrameworksBuildPhase;
			buildActionMask = 2147483647;
			files = (
				9DE06C42177F68070005316F /* XCTest.framework in Frameworks */,
				9DE06C44177F68070005316F /* UIKit.framework in Frameworks */,
				9DE06C43177F68070005316F /* Foundation.framework in Frameworks */,
			);
			runOnlyForDeploymentPostprocessing = 0;
		};
/* End PBXFrameworksBuildPhase section */

/* Begin PBXGroup section */
		9DE06C1C177F68070005316F = {
			isa = PBXGroup;
			children = (
				9DE06C2E177F68070005316F /* Handling Location Changes in the Background */,
				9DE06C47177F68070005316F /* Handling Location Changes in the BackgroundTests */,
				9DE06C27177F68070005316F /* Frameworks */,
				9DE06C26177F68070005316F /* Products */,
			);
			sourceTree = "<group>";
		};
		9DE06C26177F68070005316F /* Products */ = {
			isa = PBXGroup;
			children = (
				9DE06C25177F68070005316F /* Handling Location Changes in the Background.app */,
				9DE06C40177F68070005316F /* Handling Location Changes in the BackgroundTests.xctest */,
			);
			name = Products;
			sourceTree = "<group>";
		};
		9DE06C27177F68070005316F /* Frameworks */ = {
			isa = PBXGroup;
			children = (
				9DE06C28177F68070005316F /* Foundation.framework */,
				9DE06C2A177F68070005316F /* CoreGraphics.framework */,
				9DE06C2C177F68070005316F /* UIKit.framework */,
				9DE06C41177F68070005316F /* XCTest.framework */,
			);
			name = Frameworks;
			sourceTree = "<group>";
		};
		9DE06C2E177F68070005316F /* Handling Location Changes in the Background */ = {
			isa = PBXGroup;
			children = (
				9DE06C37177F68070005316F /* AppDelegate.h */,
				9DE06C38177F68070005316F /* AppDelegate.m */,
				9DE06C3A177F68070005316F /* Images.xcassets */,
				9DE06C2F177F68070005316F /* Supporting Files */,
			);
			path = "Handling Location Changes in the Background";
			sourceTree = "<group>";
		};
		9DE06C2F177F68070005316F /* Supporting Files */ = {
			isa = PBXGroup;
			children = (
				9DE06C30177F68070005316F /* Handling Location Changes in the Background-Info.plist */,
				9DE06C31177F68070005316F /* InfoPlist.strings */,
				9DE06C34177F68070005316F /* main.m */,
				9DE06C36177F68070005316F /* Handling Location Changes in the Background-Prefix.pch */,
			);
			name = "Supporting Files";
			sourceTree = "<group>";
		};
		9DE06C47177F68070005316F /* Handling Location Changes in the BackgroundTests */ = {
			isa = PBXGroup;
			children = (
				9DE06C4D177F68070005316F /* Handling_Location_Changes_in_the_BackgroundTests.m */,
				9DE06C48177F68070005316F /* Supporting Files */,
			);
			path = "Handling Location Changes in the BackgroundTests";
			sourceTree = "<group>";
		};
		9DE06C48177F68070005316F /* Supporting Files */ = {
			isa = PBXGroup;
			children = (
				9DE06C49177F68070005316F /* Handling Location Changes in the BackgroundTests-Info.plist */,
				9DE06C4A177F68070005316F /* InfoPlist.strings */,
			);
			name = "Supporting Files";
			sourceTree = "<group>";
		};
/* End PBXGroup section */

/* Begin PBXNativeTarget section */
		9DE06C24177F68070005316F /* Handling Location Changes in the Background */ = {
			isa = PBXNativeTarget;
			buildConfigurationList = 9DE06C51177F68070005316F /* Build configuration list for PBXNativeTarget "Handling Location Changes in the Background" */;
			buildPhases = (
				9DE06C21177F68070005316F /* Sources */,
				9DE06C22177F68070005316F /* Frameworks */,
				9DE06C23177F68070005316F /* Resources */,
			);
			buildRules = (
			);
			dependencies = (
			);
			name = "Handling Location Changes in the Background";
			productName = "Handling Location Changes in the Background";
			productReference = 9DE06C25177F68070005316F /* Handling Location Changes in the Background.app */;
			productType = "com.apple.product-type.application";
		};
		9DE06C3F177F68070005316F /* Handling Location Changes in the BackgroundTests */ = {
			isa = PBXNativeTarget;
			buildConfigurationList = 9DE06C54177F68070005316F /* Build configuration list for PBXNativeTarget "Handling Location Changes in the BackgroundTests" */;
			buildPhases = (
				9DE06C3C177F68070005316F /* Sources */,
				9DE06C3D177F68070005316F /* Frameworks */,
				9DE06C3E177F68070005316F /* Resources */,
			);
			buildRules = (
			);
			dependencies = (
				9DE06C46177F68070005316F /* PBXTargetDependency */,
			);
			name = "Handling Location Changes in the BackgroundTests";
			productName = "Handling Location Changes in the BackgroundTests";
			productReference = 9DE06C40177F68070005316F /* Handling Location Changes in the BackgroundTests.xctest */;
			productType = "com.apple.product-type.bundle.unit-test";
		};
/* End PBXNativeTarget section */

/* Begin PBXProject section */
		9DE06C1D177F68070005316F /* Project object */ = {
			isa = PBXProject;
			attributes = {
				LastUpgradeCheck = 0500;
				ORGANIZATIONNAME = "Pixolity Ltd.";
				TargetAttributes = {
					9DE06C3F177F68070005316F = {
						TestTargetID = 9DE06C24177F68070005316F;
					};
				};
			};
			buildConfigurationList = 9DE06C20177F68070005316F /* Build configuration list for PBXProject "Handling Location Changes in the Background" */;
			compatibilityVersion = "Xcode 3.2";
			developmentRegion = English;
			hasScannedForEncodings = 0;
			knownRegions = (
				en,
			);
			mainGroup = 9DE06C1C177F68070005316F;
			productRefGroup = 9DE06C26177F68070005316F /* Products */;
			projectDirPath = "";
			projectRoot = "";
			targets = (
				9DE06C24177F68070005316F /* Handling Location Changes in the Background */,
				9DE06C3F177F68070005316F /* Handling Location Changes in the BackgroundTests */,
			);
		};
/* End PBXProject section */

/* Begin PBXResourcesBuildPhase section */
		9DE06C23177F68070005316F /* Resources */ = {
			isa = PBXResourcesBuildPhase;
			buildActionMask = 2147483647;
			files = (
				9DE06C33177F68070005316F /* InfoPlist.strings in Resources */,
				9DE06C3B177F68070005316F /* Images.xcassets in Resources */,
			);
			runOnlyForDeploymentPostprocessing = 0;
		};
		9DE06C3E177F68070005316F /* Resources */ = {
			isa = PBXResourcesBuildPhase;
			buildActionMask = 2147483647;
			files = (
				9DE06C4C177F68070005316F /* InfoPlist.strings in Resources */,
			);
			runOnlyForDeploymentPostprocessing = 0;
		};
/* End PBXResourcesBuildPhase section */

/* Begin PBXSourcesBuildPhase section */
		9DE06C21177F68070005316F /* Sources */ = {
			isa = PBXSourcesBuildPhase;
			buildActionMask = 2147483647;
			files = (
				9DE06C39177F68070005316F /* AppDelegate.m in Sources */,
				9DE06C35177F68070005316F /* main.m in Sources */,
			);
			runOnlyForDeploymentPostprocessing = 0;
		};
		9DE06C3C177F68070005316F /* Sources */ = {
			isa = PBXSourcesBuildPhase;
			buildActionMask = 2147483647;
			files = (
				9DE06C4E177F68070005316F /* Handling_Location_Changes_in_the_BackgroundTests.m in Sources */,
			);
			runOnlyForDeploymentPostprocessing = 0;
		};
/* End PBXSourcesBuildPhase section */

/* Begin PBXTargetDependency section */
		9DE06C46177F68070005316F /* PBXTargetDependency */ = {
			isa = PBXTargetDependency;
			target = 9DE06C24177F68070005316F /* Handling Location Changes in the Background */;
			targetProxy = 9DE06C45177F68070005316F /* PBXContainerItemProxy */;
		};
/* End PBXTargetDependency section */

/* Begin PBXVariantGroup section */
		9DE06C31177F68070005316F /* InfoPlist.strings */ = {
			isa = PBXVariantGroup;
			children = (
				9DE06C32177F68070005316F /* en */,
			);
			name = InfoPlist.strings;
			sourceTree = "<group>";
		};
		9DE06C4A177F68070005316F /* InfoPlist.strings */ = {
			isa = PBXVariantGroup;
			children = (
				9DE06C4B177F68070005316F /* en */,
			);
			name = InfoPlist.strings;
			sourceTree = "<group>";
		};
/* End PBXVariantGroup section */

/* Begin XCBuildConfiguration section */
		9DE06C4F177F68070005316F /* Debug */ = {
			isa = XCBuildConfiguration;
			buildSettings = {
				ALWAYS_SEARCH_USER_PATHS = NO;
				CLANG_CXX_LANGUAGE_STANDARD = "gnu++0x";
				CLANG_CXX_LIBRARY = "libc++";
				CLANG_ENABLE_MODULES = YES;
				CLANG_ENABLE_OBJC_ARC = YES;
				CLANG_WARN_BOOL_CONVERSION = YES;
				CLANG_WARN_CONSTANT_CONVERSION = YES;
				CLANG_WARN_DIRECT_OBJC_ISA_USAGE = YES_ERROR;
				CLANG_WARN_EMPTY_BODY = YES;
				CLANG_WARN_ENUM_CONVERSION = YES;
				CLANG_WARN_INT_CONVERSION = YES;
				CLANG_WARN_OBJC_ROOT_CLASS = YES_ERROR;
				CLANG_WARN__DUPLICATE_METHOD_MATCH = YES;
				"CODE_SIGN_IDENTITY[sdk=iphoneos*]" = "iPhone Developer";
				COPY_PHASE_STRIP = NO;
				GCC_C_LANGUAGE_STANDARD = gnu99;
				GCC_DYNAMIC_NO_PIC = NO;
				GCC_OPTIMIZATION_LEVEL = 0;
				GCC_PREPROCESSOR_DEFINITIONS = (
					"DEBUG=1",
					"$(inherited)",
				);
				GCC_SYMBOLS_PRIVATE_EXTERN = NO;
				GCC_WARN_ABOUT_RETURN_TYPE = YES_ERROR;
				GCC_WARN_UNDECLARED_SELECTOR = YES;
				GCC_WARN_UNINITIALIZED_AUTOS = YES;
				GCC_WARN_UNUSED_FUNCTION = YES;
				GCC_WARN_UNUSED_VARIABLE = YES;
				IPHONEOS_DEPLOYMENT_TARGET = 7.0;
				ONLY_ACTIVE_ARCH = YES;
				SDKROOT = iphoneos;
				TARGETED_DEVICE_FAMILY = "1,2";
			};
			name = Debug;
		};
		9DE06C50177F68070005316F /* Release */ = {
			isa = XCBuildConfiguration;
			buildSettings = {
				ALWAYS_SEARCH_USER_PATHS = NO;
				CLANG_CXX_LANGUAGE_STANDARD = "gnu++0x";
				CLANG_CXX_LIBRARY = "libc++";
				CLANG_ENABLE_MODULES = YES;
				CLANG_ENABLE_OBJC_ARC = YES;
				CLANG_WARN_BOOL_CONVERSION = YES;
				CLANG_WARN_CONSTANT_CONVERSION = YES;
				CLANG_WARN_DIRECT_OBJC_ISA_USAGE = YES_ERROR;
				CLANG_WARN_EMPTY_BODY = YES;
				CLANG_WARN_ENUM_CONVERSION = YES;
				CLANG_WARN_INT_CONVERSION = YES;
				CLANG_WARN_OBJC_ROOT_CLASS = YES_ERROR;
				CLANG_WARN__DUPLICATE_METHOD_MATCH = YES;
				"CODE_SIGN_IDENTITY[sdk=iphoneos*]" = "iPhone Developer";
				COPY_PHASE_STRIP = YES;
				ENABLE_NS_ASSERTIONS = NO;
				GCC_C_LANGUAGE_STANDARD = gnu99;
				GCC_WARN_ABOUT_RETURN_TYPE = YES_ERROR;
				GCC_WARN_UNDECLARED_SELECTOR = YES;
				GCC_WARN_UNINITIALIZED_AUTOS = YES;
				GCC_WARN_UNUSED_FUNCTION = YES;
				GCC_WARN_UNUSED_VARIABLE = YES;
				IPHONEOS_DEPLOYMENT_TARGET = 7.0;
				SDKROOT = iphoneos;
				TARGETED_DEVICE_FAMILY = "1,2";
				VALIDATE_PRODUCT = YES;
			};
			name = Release;
		};
		9DE06C52177F68070005316F /* Debug */ = {
			isa = XCBuildConfiguration;
			buildSettings = {
				ASSETCATALOG_COMPILER_APPICON_NAME = AppIcon;
				ASSETCATALOG_COMPILER_LAUNCHIMAGE_NAME = LaunchImage;
				GCC_PRECOMPILE_PREFIX_HEADER = YES;
				GCC_PREFIX_HEADER = "Handling Location Changes in the Background/Handling Location Changes in the Background-Prefix.pch";
				INFOPLIST_FILE = "Handling Location Changes in the Background/Handling Location Changes in the Background-Info.plist";
				PRODUCT_NAME = "$(TARGET_NAME)";
				WRAPPER_EXTENSION = app;
			};
			name = Debug;
		};
		9DE06C53177F68070005316F /* Release */ = {
			isa = XCBuildConfiguration;
			buildSettings = {
				ASSETCATALOG_COMPILER_APPICON_NAME = AppIcon;
				ASSETCATALOG_COMPILER_LAUNCHIMAGE_NAME = LaunchImage;
				GCC_PRECOMPILE_PREFIX_HEADER = YES;
				GCC_PREFIX_HEADER = "Handling Location Changes in the Background/Handling Location Changes in the Background-Prefix.pch";
				INFOPLIST_FILE = "Handling Location Changes in the Background/Handling Location Changes in the Background-Info.plist";
				PRODUCT_NAME = "$(TARGET_NAME)";
				WRAPPER_EXTENSION = app;
			};
			name = Release;
		};
		9DE06C55177F68070005316F /* Debug */ = {
			isa = XCBuildConfiguration;
			buildSettings = {
				BUNDLE_LOADER = "$(BUILT_PRODUCTS_DIR)/Handling Location Changes in the Background.app/Handling Location Changes in the Background";
				FRAMEWORK_SEARCH_PATHS = (
					"$(SDKROOT)/Developer/Library/Frameworks",
					"$(inherited)",
					"$(SYSTEM_APPS_DIR)/Xcode5-DP2.app/Contents/Developer/Library/Frameworks",
				);
				GCC_PRECOMPILE_PREFIX_HEADER = YES;
				GCC_PREFIX_HEADER = "Handling Location Changes in the Background/Handling Location Changes in the Background-Prefix.pch";
				GCC_PREPROCESSOR_DEFINITIONS = (
					"DEBUG=1",
					"$(inherited)",
				);
				INFOPLIST_FILE = "Handling Location Changes in the BackgroundTests/Handling Location Changes in the BackgroundTests-Info.plist";
				PRODUCT_NAME = "$(TARGET_NAME)";
				TEST_HOST = "$(BUNDLE_LOADER)";
				WRAPPER_EXTENSION = xctest;
			};
			name = Debug;
		};
		9DE06C56177F68070005316F /* Release */ = {
			isa = XCBuildConfiguration;
			buildSettings = {
				BUNDLE_LOADER = "$(BUILT_PRODUCTS_DIR)/Handling Location Changes in the Background.app/Handling Location Changes in the Background";
				FRAMEWORK_SEARCH_PATHS = (
					"$(SDKROOT)/Developer/Library/Frameworks",
					"$(inherited)",
					"$(SYSTEM_APPS_DIR)/Xcode5-DP2.app/Contents/Developer/Library/Frameworks",
				);
				GCC_PRECOMPILE_PREFIX_HEADER = YES;
				GCC_PREFIX_HEADER = "Handling Location Changes in the Background/Handling Location Changes in the Background-Prefix.pch";
				INFOPLIST_FILE = "Handling Location Changes in the BackgroundTests/Handling Location Changes in the BackgroundTests-Info.plist";
				PRODUCT_NAME = "$(TARGET_NAME)";
				TEST_HOST = "$(BUNDLE_LOADER)";
				WRAPPER_EXTENSION = xctest;
			};
			name = Release;
		};
/* End XCBuildConfiguration section */

/* Begin XCConfigurationList section */
		9DE06C20177F68070005316F /* Build configuration list for PBXProject "Handling Location Changes in the Background" */ = {
			isa = XCConfigurationList;
			buildConfigurations = (
				9DE06C4F177F68070005316F /* Debug */,
				9DE06C50177F68070005316F /* Release */,
			);
			defaultConfigurationIsVisible = 0;
			defaultConfigurationName = Release;
		};
		9DE06C51177F68070005316F /* Build configuration list for PBXNativeTarget "Handling Location Changes in the Background" */ = {
			isa = XCConfigurationList;
			buildConfigurations = (
				9DE06C52177F68070005316F /* Debug */,
				9DE06C53177F68070005316F /* Release */,
			);
			defaultConfigurationIsVisible = 0;
		};
		9DE06C54177F68070005316F /* Build configuration list for PBXNativeTarget "Handling Location Changes in the BackgroundTests" */ = {
			isa = XCConfigurationList;
			buildConfigurations = (
				9DE06C55177F68070005316F /* Debug */,
				9DE06C56177F68070005316F /* Release */,
			);
			defaultConfigurationIsVisible = 0;
		};
/* End XCConfigurationList section */
	};
	rootObject = 9DE06C1D177F68070005316F /* Project object */;
}
